
Microsoft Visual Studio Solution File, Format Version 12.00
# Visual Studio Version 16
VisualStudioVersion = 16.0.30804.86
MinimumVisualStudioVersion = 10.0.40219.1
Project("{2150E333-8FDC-42A3-9474-1A3956D46DE8}") = "Auth", "Auth", "{550F7AC0-C782-46CB-BECC-C6891DB83355}"
EndProject
Project("{2150E333-8FDC-42A3-9474-1A3956D46DE8}") = "Core", "Core", "{C72E2D13-0A5C-428F-9989-A15FF55DAA7E}"
	ProjectSection(SolutionItems) = preProject
		Core\Remove-EventManager.Core.cmd = Core\Remove-EventManager.Core.cmd
		Core\Restart-EventManager.Core.cmd = Core\Restart-EventManager.Core.cmd
		Core\Start-EventManager.Core.cmd = Core\Start-EventManager.Core.cmd
		Core\Stop-EventManager.Core.cmd = Core\Stop-EventManager.Core.cmd
		Core\ViewEvents-EventManager.Core.cmd = Core\ViewEvents-EventManager.Core.cmd
		Core\ViewLogs-EventManager.Core.cmd = Core\ViewLogs-EventManager.Core.cmd
	EndProjectSection
EndProject
Project("{2150E333-8FDC-42A3-9474-1A3956D46DE8}") = "Events", "Events", "{29694855-67FF-4EFB-B335-84D46333D85D}"
EndProject
Project("{2150E333-8FDC-42A3-9474-1A3956D46DE8}") = "Logs", "Logs", "{E21A31A8-72D5-4393-B00B-DD8FD2572D1D}"
	ProjectSection(SolutionItems) = preProject
		Logs\Remove-EventManager.Logs.cmd = Logs\Remove-EventManager.Logs.cmd
		Logs\Restart-EventManager.Logs.cmd = Logs\Restart-EventManager.Logs.cmd
		Logs\Start-EventManager.Logs.cmd = Logs\Start-EventManager.Logs.cmd
		Logs\Stop-EventManager.Logs.cmd = Logs\Stop-EventManager.Logs.cmd
		Logs\ViewEvents-EventManage.Logs.cmd = Logs\ViewEvents-EventManage.Logs.cmd
		Logs\ViewLogs-EventManager.Logs.cmd = Logs\ViewLogs-EventManager.Logs.cmd
	EndProjectSection
EndProject
Project("{2150E333-8FDC-42A3-9474-1A3956D46DE8}") = "Notifications", "Notifications", "{82CB08FD-F7F9-4ABE-974E-822132C9EC28}"
EndProject
Project("{2150E333-8FDC-42A3-9474-1A3956D46DE8}") = "Shared", "Shared", "{19B0715C-03B0-4F13-A800-14260DB068C7}"
EndProject
Project("{2150E333-8FDC-42A3-9474-1A3956D46DE8}") = "Assets", "Assets", "{DD781861-9815-44E0-8468-C8B48A59DA15}"
EndProject
Project("{9A19103F-16F7-4668-BE54-9A1E7A4F7556}") = "EventManager.Web", "Web\EventManager.Web.csproj", "{72F49811-A427-4020-8A7C-FB44B30671AF}"
EndProject
Project("{E53339B2-1760-4266-BCC7-CA923CBCF16C}") = "EventManager.Core", "Core\EventManager.Core.dcproj", "{F817047F-018D-4F93-BDA5-58602073B634}"
EndProject
Project("{9A19103F-16F7-4668-BE54-9A1E7A4F7556}") = "EventManager.Shared.RegistryClient", "Shared\RegistryClient\EventManager.Shared.RegistryClient.csproj", "{13C212B8-C1B3-42A5-8315-D8766B47DCC0}"
EndProject
Project("{9A19103F-16F7-4668-BE54-9A1E7A4F7556}") = "EventManager.Core.ReverseProxy", "Core\ReverseProxy\EventManager.Core.ReverseProxy.csproj", "{4716C074-23C4-4EDD-AEAF-D018DFFE76F4}"
EndProject
Project("{9A19103F-16F7-4668-BE54-9A1E7A4F7556}") = "EventManager.Core.RegistryService", "Core\RegistryService\EventManager.Core.RegistryService.csproj", "{5E17FA2F-8A4A-4371-9A9F-334CCBBF9B87}"
EndProject
Project("{9A19103F-16F7-4668-BE54-9A1E7A4F7556}") = "EventManager.Core.Hello", "Core\hello\EventManager.Core.Hello.csproj", "{052471A9-5196-4A38-B664-35C65552CA71}"
EndProject
Project("{9A19103F-16F7-4668-BE54-9A1E7A4F7556}") = "EventManager.Core.World", "Core\world\EventManager.Core.World.csproj", "{4155A869-EFE4-4254-A166-F05ADD3B4AEC}"
EndProject
Project("{2150E333-8FDC-42A3-9474-1A3956D46DE8}") = "Solution Items", "Solution Items", "{EE6B18FC-14A4-47DE-B031-101A9FE7010A}"
	ProjectSection(SolutionItems) = preProject
		.dockerignore = .dockerignore
		.gitattributes = .gitattributes
		.gitignore = .gitignore
	EndProjectSection
EndProject
Project("{9A19103F-16F7-4668-BE54-9A1E7A4F7556}") = "EventManager.Logs.Agent", "Logs\Agent\EventManager.Logs.Agent.csproj", "{872FEBBC-4A3E-4009-B48E-FAA0136E495F}"
EndProject
Project("{9A19103F-16F7-4668-BE54-9A1E7A4F7556}") = "EventManager.Logs.Api", "Logs\Api\EventManager.Logs.Api.csproj", "{3D110075-D3ED-4DB4-9FED-FE7CD2C367A2}"
EndProject
Project("{9A19103F-16F7-4668-BE54-9A1E7A4F7556}") = "EventManager.Logs.Data", "Logs\Data\EventManager.Logs.Data.csproj", "{825C8031-BAD6-43AE-B5C5-549AC5BECCBE}"
EndProject
Project("{9A19103F-16F7-4668-BE54-9A1E7A4F7556}") = "EventManager.Logs.Http", "Logs\Http\EventManager.Logs.Http.csproj", "{8B450FD8-6FA1-412F-9709-8B8860BB31B6}"
EndProject
Project("{E53339B2-1760-4266-BCC7-CA923CBCF16C}") = "EventManager.Logs", "Logs\EventManager.Logs.dcproj", "{641C0F78-6D05-4B0E-B9BE-7658880C1CC0}"
EndProject
Global
	GlobalSection(SolutionConfigurationPlatforms) = preSolution
		Debug|Any CPU = Debug|Any CPU
		Debug|ARM = Debug|ARM
		Debug|ARM64 = Debug|ARM64
		Debug|x64 = Debug|x64
		Debug|x86 = Debug|x86
		DebugDocker|Any CPU = DebugDocker|Any CPU
		DebugDocker|ARM = DebugDocker|ARM
		DebugDocker|ARM64 = DebugDocker|ARM64
		DebugDocker|x64 = DebugDocker|x64
		DebugDocker|x86 = DebugDocker|x86
		DebugNgBuild|Any CPU = DebugNgBuild|Any CPU
		DebugNgBuild|ARM = DebugNgBuild|ARM
		DebugNgBuild|ARM64 = DebugNgBuild|ARM64
		DebugNgBuild|x64 = DebugNgBuild|x64
		DebugNgBuild|x86 = DebugNgBuild|x86
		Release|Any CPU = Release|Any CPU
		Release|ARM = Release|ARM
		Release|ARM64 = Release|ARM64
		Release|x64 = Release|x64
		Release|x86 = Release|x86
		ReleaseDocker|Any CPU = ReleaseDocker|Any CPU
		ReleaseDocker|ARM = ReleaseDocker|ARM
		ReleaseDocker|ARM64 = ReleaseDocker|ARM64
		ReleaseDocker|x64 = ReleaseDocker|x64
		ReleaseDocker|x86 = ReleaseDocker|x86
		ReleaseNgBuild|Any CPU = ReleaseNgBuild|Any CPU
		ReleaseNgBuild|ARM = ReleaseNgBuild|ARM
		ReleaseNgBuild|ARM64 = ReleaseNgBuild|ARM64
		ReleaseNgBuild|x64 = ReleaseNgBuild|x64
		ReleaseNgBuild|x86 = ReleaseNgBuild|x86
	EndGlobalSection
	GlobalSection(ProjectConfigurationPlatforms) = postSolution
		{72F49811-A427-4020-8A7C-FB44B30671AF}.Debug|Any CPU.ActiveCfg = Debug|Any CPU
		{72F49811-A427-4020-8A7C-FB44B30671AF}.Debug|ARM.ActiveCfg = Debug|Any CPU
		{72F49811-A427-4020-8A7C-FB44B30671AF}.Debug|ARM.Build.0 = Debug|Any CPU
		{72F49811-A427-4020-8A7C-FB44B30671AF}.Debug|ARM64.ActiveCfg = Debug|Any CPU
		{72F49811-A427-4020-8A7C-FB44B30671AF}.Debug|ARM64.Build.0 = Debug|Any CPU
		{72F49811-A427-4020-8A7C-FB44B30671AF}.Debug|x64.ActiveCfg = Debug|Any CPU
		{72F49811-A427-4020-8A7C-FB44B30671AF}.Debug|x64.Build.0 = Debug|Any CPU
		{72F49811-A427-4020-8A7C-FB44B30671AF}.Debug|x86.ActiveCfg = Debug|Any CPU
		{72F49811-A427-4020-8A7C-FB44B30671AF}.Debug|x86.Build.0 = Debug|Any CPU
		{72F49811-A427-4020-8A7C-FB44B30671AF}.DebugDocker|Any CPU.ActiveCfg = Debug|Any CPU
		{72F49811-A427-4020-8A7C-FB44B30671AF}.DebugDocker|Any CPU.Build.0 = Debug|Any CPU
		{72F49811-A427-4020-8A7C-FB44B30671AF}.DebugDocker|ARM.ActiveCfg = Debug|Any CPU
		{72F49811-A427-4020-8A7C-FB44B30671AF}.DebugDocker|ARM.Build.0 = Debug|Any CPU
		{72F49811-A427-4020-8A7C-FB44B30671AF}.DebugDocker|ARM64.ActiveCfg = Debug|Any CPU
		{72F49811-A427-4020-8A7C-FB44B30671AF}.DebugDocker|ARM64.Build.0 = Debug|Any CPU
		{72F49811-A427-4020-8A7C-FB44B30671AF}.DebugDocker|x64.ActiveCfg = Debug|Any CPU
		{72F49811-A427-4020-8A7C-FB44B30671AF}.DebugDocker|x64.Build.0 = Debug|Any CPU
		{72F49811-A427-4020-8A7C-FB44B30671AF}.DebugDocker|x86.ActiveCfg = Debug|Any CPU
		{72F49811-A427-4020-8A7C-FB44B30671AF}.DebugDocker|x86.Build.0 = Debug|Any CPU
		{72F49811-A427-4020-8A7C-FB44B30671AF}.DebugNgBuild|Any CPU.ActiveCfg = DebugNgBuild|Any CPU
		{72F49811-A427-4020-8A7C-FB44B30671AF}.DebugNgBuild|Any CPU.Build.0 = DebugNgBuild|Any CPU
		{72F49811-A427-4020-8A7C-FB44B30671AF}.DebugNgBuild|ARM.ActiveCfg = DebugNgBuild|Any CPU
		{72F49811-A427-4020-8A7C-FB44B30671AF}.DebugNgBuild|ARM.Build.0 = DebugNgBuild|Any CPU
		{72F49811-A427-4020-8A7C-FB44B30671AF}.DebugNgBuild|ARM64.ActiveCfg = DebugNgBuild|Any CPU
		{72F49811-A427-4020-8A7C-FB44B30671AF}.DebugNgBuild|ARM64.Build.0 = DebugNgBuild|Any CPU
		{72F49811-A427-4020-8A7C-FB44B30671AF}.DebugNgBuild|x64.ActiveCfg = DebugNgBuild|Any CPU
		{72F49811-A427-4020-8A7C-FB44B30671AF}.DebugNgBuild|x64.Build.0 = DebugNgBuild|Any CPU
		{72F49811-A427-4020-8A7C-FB44B30671AF}.DebugNgBuild|x86.ActiveCfg = DebugNgBuild|Any CPU
		{72F49811-A427-4020-8A7C-FB44B30671AF}.DebugNgBuild|x86.Build.0 = DebugNgBuild|Any CPU
		{72F49811-A427-4020-8A7C-FB44B30671AF}.Release|Any CPU.ActiveCfg = Release|Any CPU
		{72F49811-A427-4020-8A7C-FB44B30671AF}.Release|Any CPU.Build.0 = Release|Any CPU
		{72F49811-A427-4020-8A7C-FB44B30671AF}.Release|ARM.ActiveCfg = Release|Any CPU
		{72F49811-A427-4020-8A7C-FB44B30671AF}.Release|ARM.Build.0 = Release|Any CPU
		{72F49811-A427-4020-8A7C-FB44B30671AF}.Release|ARM64.ActiveCfg = Release|Any CPU
		{72F49811-A427-4020-8A7C-FB44B30671AF}.Release|ARM64.Build.0 = Release|Any CPU
		{72F49811-A427-4020-8A7C-FB44B30671AF}.Release|x64.ActiveCfg = Release|Any CPU
		{72F49811-A427-4020-8A7C-FB44B30671AF}.Release|x64.Build.0 = Release|Any CPU
		{72F49811-A427-4020-8A7C-FB44B30671AF}.Release|x86.ActiveCfg = Release|Any CPU
		{72F49811-A427-4020-8A7C-FB44B30671AF}.Release|x86.Build.0 = Release|Any CPU
		{72F49811-A427-4020-8A7C-FB44B30671AF}.ReleaseDocker|Any CPU.ActiveCfg = Release|Any CPU
		{72F49811-A427-4020-8A7C-FB44B30671AF}.ReleaseDocker|Any CPU.Build.0 = Release|Any CPU
		{72F49811-A427-4020-8A7C-FB44B30671AF}.ReleaseDocker|ARM.ActiveCfg = Release|Any CPU
		{72F49811-A427-4020-8A7C-FB44B30671AF}.ReleaseDocker|ARM.Build.0 = Release|Any CPU
		{72F49811-A427-4020-8A7C-FB44B30671AF}.ReleaseDocker|ARM64.ActiveCfg = Release|Any CPU
		{72F49811-A427-4020-8A7C-FB44B30671AF}.ReleaseDocker|ARM64.Build.0 = Release|Any CPU
		{72F49811-A427-4020-8A7C-FB44B30671AF}.ReleaseDocker|x64.ActiveCfg = Release|Any CPU
		{72F49811-A427-4020-8A7C-FB44B30671AF}.ReleaseDocker|x64.Build.0 = Release|Any CPU
		{72F49811-A427-4020-8A7C-FB44B30671AF}.ReleaseDocker|x86.ActiveCfg = Release|Any CPU
		{72F49811-A427-4020-8A7C-FB44B30671AF}.ReleaseDocker|x86.Build.0 = Release|Any CPU
		{72F49811-A427-4020-8A7C-FB44B30671AF}.ReleaseNgBuild|Any CPU.ActiveCfg = ReleaseNgBuild|Any CPU
		{72F49811-A427-4020-8A7C-FB44B30671AF}.ReleaseNgBuild|Any CPU.Build.0 = ReleaseNgBuild|Any CPU
		{72F49811-A427-4020-8A7C-FB44B30671AF}.ReleaseNgBuild|ARM.ActiveCfg = ReleaseNgBuild|Any CPU
		{72F49811-A427-4020-8A7C-FB44B30671AF}.ReleaseNgBuild|ARM.Build.0 = ReleaseNgBuild|Any CPU
		{72F49811-A427-4020-8A7C-FB44B30671AF}.ReleaseNgBuild|ARM64.ActiveCfg = ReleaseNgBuild|Any CPU
		{72F49811-A427-4020-8A7C-FB44B30671AF}.ReleaseNgBuild|ARM64.Build.0 = ReleaseNgBuild|Any CPU
		{72F49811-A427-4020-8A7C-FB44B30671AF}.ReleaseNgBuild|x64.ActiveCfg = ReleaseNgBuild|Any CPU
		{72F49811-A427-4020-8A7C-FB44B30671AF}.ReleaseNgBuild|x64.Build.0 = ReleaseNgBuild|Any CPU
		{72F49811-A427-4020-8A7C-FB44B30671AF}.ReleaseNgBuild|x86.ActiveCfg = ReleaseNgBuild|Any CPU
		{72F49811-A427-4020-8A7C-FB44B30671AF}.ReleaseNgBuild|x86.Build.0 = ReleaseNgBuild|Any CPU
		{F817047F-018D-4F93-BDA5-58602073B634}.Debug|Any CPU.ActiveCfg = Debug|Any CPU
		{F817047F-018D-4F93-BDA5-58602073B634}.Debug|Any CPU.Build.0 = Debug|Any CPU
		{F817047F-018D-4F93-BDA5-58602073B634}.Debug|ARM.ActiveCfg = Debug|Any CPU
		{F817047F-018D-4F93-BDA5-58602073B634}.Debug|ARM.Build.0 = Debug|Any CPU
		{F817047F-018D-4F93-BDA5-58602073B634}.Debug|ARM64.ActiveCfg = Debug|Any CPU
		{F817047F-018D-4F93-BDA5-58602073B634}.Debug|ARM64.Build.0 = Debug|Any CPU
		{F817047F-018D-4F93-BDA5-58602073B634}.Debug|x64.ActiveCfg = Debug|Any CPU
		{F817047F-018D-4F93-BDA5-58602073B634}.Debug|x64.Build.0 = Debug|Any CPU
		{F817047F-018D-4F93-BDA5-58602073B634}.Debug|x86.ActiveCfg = Debug|Any CPU
		{F817047F-018D-4F93-BDA5-58602073B634}.Debug|x86.Build.0 = Debug|Any CPU
		{F817047F-018D-4F93-BDA5-58602073B634}.DebugDocker|Any CPU.ActiveCfg = DebugDocker|Any CPU
		{F817047F-018D-4F93-BDA5-58602073B634}.DebugDocker|Any CPU.Build.0 = DebugDocker|Any CPU
		{F817047F-018D-4F93-BDA5-58602073B634}.DebugDocker|ARM.ActiveCfg = DebugDocker|Any CPU
		{F817047F-018D-4F93-BDA5-58602073B634}.DebugDocker|ARM.Build.0 = DebugDocker|Any CPU
		{F817047F-018D-4F93-BDA5-58602073B634}.DebugDocker|ARM64.ActiveCfg = DebugDocker|Any CPU
		{F817047F-018D-4F93-BDA5-58602073B634}.DebugDocker|ARM64.Build.0 = DebugDocker|Any CPU
		{F817047F-018D-4F93-BDA5-58602073B634}.DebugDocker|x64.ActiveCfg = DebugDocker|Any CPU
		{F817047F-018D-4F93-BDA5-58602073B634}.DebugDocker|x64.Build.0 = DebugDocker|Any CPU
		{F817047F-018D-4F93-BDA5-58602073B634}.DebugDocker|x86.ActiveCfg = DebugDocker|Any CPU
		{F817047F-018D-4F93-BDA5-58602073B634}.DebugDocker|x86.Build.0 = DebugDocker|Any CPU
		{F817047F-018D-4F93-BDA5-58602073B634}.DebugNgBuild|Any CPU.ActiveCfg = Debug|Any CPU
		{F817047F-018D-4F93-BDA5-58602073B634}.DebugNgBuild|Any CPU.Build.0 = Debug|Any CPU
		{F817047F-018D-4F93-BDA5-58602073B634}.DebugNgBuild|ARM.ActiveCfg = Debug|Any CPU
		{F817047F-018D-4F93-BDA5-58602073B634}.DebugNgBuild|ARM.Build.0 = Debug|Any CPU
		{F817047F-018D-4F93-BDA5-58602073B634}.DebugNgBuild|ARM64.ActiveCfg = Debug|Any CPU
		{F817047F-018D-4F93-BDA5-58602073B634}.DebugNgBuild|ARM64.Build.0 = Debug|Any CPU
		{F817047F-018D-4F93-BDA5-58602073B634}.DebugNgBuild|x64.ActiveCfg = Debug|Any CPU
		{F817047F-018D-4F93-BDA5-58602073B634}.DebugNgBuild|x64.Build.0 = Debug|Any CPU
		{F817047F-018D-4F93-BDA5-58602073B634}.DebugNgBuild|x86.ActiveCfg = Debug|Any CPU
		{F817047F-018D-4F93-BDA5-58602073B634}.DebugNgBuild|x86.Build.0 = Debug|Any CPU
		{F817047F-018D-4F93-BDA5-58602073B634}.Release|Any CPU.ActiveCfg = Release|Any CPU
		{F817047F-018D-4F93-BDA5-58602073B634}.Release|Any CPU.Build.0 = Release|Any CPU
		{F817047F-018D-4F93-BDA5-58602073B634}.Release|ARM.ActiveCfg = Release|Any CPU
		{F817047F-018D-4F93-BDA5-58602073B634}.Release|ARM.Build.0 = Release|Any CPU
		{F817047F-018D-4F93-BDA5-58602073B634}.Release|ARM64.ActiveCfg = Release|Any CPU
		{F817047F-018D-4F93-BDA5-58602073B634}.Release|ARM64.Build.0 = Release|Any CPU
		{F817047F-018D-4F93-BDA5-58602073B634}.Release|x64.ActiveCfg = Release|Any CPU
		{F817047F-018D-4F93-BDA5-58602073B634}.Release|x64.Build.0 = Release|Any CPU
		{F817047F-018D-4F93-BDA5-58602073B634}.Release|x86.ActiveCfg = Release|Any CPU
		{F817047F-018D-4F93-BDA5-58602073B634}.Release|x86.Build.0 = Release|Any CPU
		{F817047F-018D-4F93-BDA5-58602073B634}.ReleaseDocker|Any CPU.ActiveCfg = ReleaseDocker|Any CPU
		{F817047F-018D-4F93-BDA5-58602073B634}.ReleaseDocker|Any CPU.Build.0 = ReleaseDocker|Any CPU
		{F817047F-018D-4F93-BDA5-58602073B634}.ReleaseDocker|ARM.ActiveCfg = ReleaseDocker|Any CPU
		{F817047F-018D-4F93-BDA5-58602073B634}.ReleaseDocker|ARM.Build.0 = ReleaseDocker|Any CPU
		{F817047F-018D-4F93-BDA5-58602073B634}.ReleaseDocker|ARM64.ActiveCfg = ReleaseDocker|Any CPU
		{F817047F-018D-4F93-BDA5-58602073B634}.ReleaseDocker|ARM64.Build.0 = ReleaseDocker|Any CPU
		{F817047F-018D-4F93-BDA5-58602073B634}.ReleaseDocker|x64.ActiveCfg = ReleaseDocker|Any CPU
		{F817047F-018D-4F93-BDA5-58602073B634}.ReleaseDocker|x64.Build.0 = ReleaseDocker|Any CPU
		{F817047F-018D-4F93-BDA5-58602073B634}.ReleaseDocker|x86.ActiveCfg = ReleaseDocker|Any CPU
		{F817047F-018D-4F93-BDA5-58602073B634}.ReleaseDocker|x86.Build.0 = ReleaseDocker|Any CPU
		{F817047F-018D-4F93-BDA5-58602073B634}.ReleaseNgBuild|Any CPU.ActiveCfg = Release|Any CPU
		{F817047F-018D-4F93-BDA5-58602073B634}.ReleaseNgBuild|Any CPU.Build.0 = Release|Any CPU
		{F817047F-018D-4F93-BDA5-58602073B634}.ReleaseNgBuild|ARM.ActiveCfg = Release|Any CPU
		{F817047F-018D-4F93-BDA5-58602073B634}.ReleaseNgBuild|ARM.Build.0 = Release|Any CPU
		{F817047F-018D-4F93-BDA5-58602073B634}.ReleaseNgBuild|ARM64.ActiveCfg = Release|Any CPU
		{F817047F-018D-4F93-BDA5-58602073B634}.ReleaseNgBuild|ARM64.Build.0 = Release|Any CPU
		{F817047F-018D-4F93-BDA5-58602073B634}.ReleaseNgBuild|x64.ActiveCfg = Release|Any CPU
		{F817047F-018D-4F93-BDA5-58602073B634}.ReleaseNgBuild|x64.Build.0 = Release|Any CPU
		{F817047F-018D-4F93-BDA5-58602073B634}.ReleaseNgBuild|x86.ActiveCfg = Release|Any CPU
		{F817047F-018D-4F93-BDA5-58602073B634}.ReleaseNgBuild|x86.Build.0 = Release|Any CPU
		{13C212B8-C1B3-42A5-8315-D8766B47DCC0}.Debug|Any CPU.ActiveCfg = Debug|Any CPU
		{13C212B8-C1B3-42A5-8315-D8766B47DCC0}.Debug|Any CPU.Build.0 = Debug|Any CPU
		{13C212B8-C1B3-42A5-8315-D8766B47DCC0}.Debug|ARM.ActiveCfg = Debug|Any CPU
		{13C212B8-C1B3-42A5-8315-D8766B47DCC0}.Debug|ARM.Build.0 = Debug|Any CPU
		{13C212B8-C1B3-42A5-8315-D8766B47DCC0}.Debug|ARM64.ActiveCfg = Debug|Any CPU
		{13C212B8-C1B3-42A5-8315-D8766B47DCC0}.Debug|ARM64.Build.0 = Debug|Any CPU
		{13C212B8-C1B3-42A5-8315-D8766B47DCC0}.Debug|x64.ActiveCfg = Debug|Any CPU
		{13C212B8-C1B3-42A5-8315-D8766B47DCC0}.Debug|x64.Build.0 = Debug|Any CPU
		{13C212B8-C1B3-42A5-8315-D8766B47DCC0}.Debug|x86.ActiveCfg = Debug|Any CPU
		{13C212B8-C1B3-42A5-8315-D8766B47DCC0}.Debug|x86.Build.0 = Debug|Any CPU
		{13C212B8-C1B3-42A5-8315-D8766B47DCC0}.DebugDocker|Any CPU.ActiveCfg = Debug|Any CPU
		{13C212B8-C1B3-42A5-8315-D8766B47DCC0}.DebugDocker|Any CPU.Build.0 = Debug|Any CPU
		{13C212B8-C1B3-42A5-8315-D8766B47DCC0}.DebugDocker|ARM.ActiveCfg = Debug|Any CPU
		{13C212B8-C1B3-42A5-8315-D8766B47DCC0}.DebugDocker|ARM.Build.0 = Debug|Any CPU
		{13C212B8-C1B3-42A5-8315-D8766B47DCC0}.DebugDocker|ARM64.ActiveCfg = Debug|Any CPU
		{13C212B8-C1B3-42A5-8315-D8766B47DCC0}.DebugDocker|ARM64.Build.0 = Debug|Any CPU
		{13C212B8-C1B3-42A5-8315-D8766B47DCC0}.DebugDocker|x64.ActiveCfg = Debug|Any CPU
		{13C212B8-C1B3-42A5-8315-D8766B47DCC0}.DebugDocker|x64.Build.0 = Debug|Any CPU
		{13C212B8-C1B3-42A5-8315-D8766B47DCC0}.DebugDocker|x86.ActiveCfg = Debug|Any CPU
		{13C212B8-C1B3-42A5-8315-D8766B47DCC0}.DebugDocker|x86.Build.0 = Debug|Any CPU
		{13C212B8-C1B3-42A5-8315-D8766B47DCC0}.DebugNgBuild|Any CPU.ActiveCfg = Debug|Any CPU
		{13C212B8-C1B3-42A5-8315-D8766B47DCC0}.DebugNgBuild|Any CPU.Build.0 = Debug|Any CPU
		{13C212B8-C1B3-42A5-8315-D8766B47DCC0}.DebugNgBuild|ARM.ActiveCfg = Debug|Any CPU
		{13C212B8-C1B3-42A5-8315-D8766B47DCC0}.DebugNgBuild|ARM.Build.0 = Debug|Any CPU
		{13C212B8-C1B3-42A5-8315-D8766B47DCC0}.DebugNgBuild|ARM64.ActiveCfg = Debug|Any CPU
		{13C212B8-C1B3-42A5-8315-D8766B47DCC0}.DebugNgBuild|ARM64.Build.0 = Debug|Any CPU
		{13C212B8-C1B3-42A5-8315-D8766B47DCC0}.DebugNgBuild|x64.ActiveCfg = Debug|Any CPU
		{13C212B8-C1B3-42A5-8315-D8766B47DCC0}.DebugNgBuild|x64.Build.0 = Debug|Any CPU
		{13C212B8-C1B3-42A5-8315-D8766B47DCC0}.DebugNgBuild|x86.ActiveCfg = Debug|Any CPU
		{13C212B8-C1B3-42A5-8315-D8766B47DCC0}.DebugNgBuild|x86.Build.0 = Debug|Any CPU
		{13C212B8-C1B3-42A5-8315-D8766B47DCC0}.Release|Any CPU.ActiveCfg = Release|Any CPU
		{13C212B8-C1B3-42A5-8315-D8766B47DCC0}.Release|Any CPU.Build.0 = Release|Any CPU
		{13C212B8-C1B3-42A5-8315-D8766B47DCC0}.Release|ARM.ActiveCfg = Release|Any CPU
		{13C212B8-C1B3-42A5-8315-D8766B47DCC0}.Release|ARM.Build.0 = Release|Any CPU
		{13C212B8-C1B3-42A5-8315-D8766B47DCC0}.Release|ARM64.ActiveCfg = Release|Any CPU
		{13C212B8-C1B3-42A5-8315-D8766B47DCC0}.Release|ARM64.Build.0 = Release|Any CPU
		{13C212B8-C1B3-42A5-8315-D8766B47DCC0}.Release|x64.ActiveCfg = Release|Any CPU
		{13C212B8-C1B3-42A5-8315-D8766B47DCC0}.Release|x64.Build.0 = Release|Any CPU
		{13C212B8-C1B3-42A5-8315-D8766B47DCC0}.Release|x86.ActiveCfg = Release|Any CPU
		{13C212B8-C1B3-42A5-8315-D8766B47DCC0}.Release|x86.Build.0 = Release|Any CPU
		{13C212B8-C1B3-42A5-8315-D8766B47DCC0}.ReleaseDocker|Any CPU.ActiveCfg = Release|Any CPU
		{13C212B8-C1B3-42A5-8315-D8766B47DCC0}.ReleaseDocker|Any CPU.Build.0 = Release|Any CPU
		{13C212B8-C1B3-42A5-8315-D8766B47DCC0}.ReleaseDocker|ARM.ActiveCfg = Release|Any CPU
		{13C212B8-C1B3-42A5-8315-D8766B47DCC0}.ReleaseDocker|ARM.Build.0 = Release|Any CPU
		{13C212B8-C1B3-42A5-8315-D8766B47DCC0}.ReleaseDocker|ARM64.ActiveCfg = Release|Any CPU
		{13C212B8-C1B3-42A5-8315-D8766B47DCC0}.ReleaseDocker|ARM64.Build.0 = Release|Any CPU
		{13C212B8-C1B3-42A5-8315-D8766B47DCC0}.ReleaseDocker|x64.ActiveCfg = Release|Any CPU
		{13C212B8-C1B3-42A5-8315-D8766B47DCC0}.ReleaseDocker|x64.Build.0 = Release|Any CPU
		{13C212B8-C1B3-42A5-8315-D8766B47DCC0}.ReleaseDocker|x86.ActiveCfg = Release|Any CPU
		{13C212B8-C1B3-42A5-8315-D8766B47DCC0}.ReleaseDocker|x86.Build.0 = Release|Any CPU
		{13C212B8-C1B3-42A5-8315-D8766B47DCC0}.ReleaseNgBuild|Any CPU.ActiveCfg = Release|Any CPU
		{13C212B8-C1B3-42A5-8315-D8766B47DCC0}.ReleaseNgBuild|Any CPU.Build.0 = Release|Any CPU
		{13C212B8-C1B3-42A5-8315-D8766B47DCC0}.ReleaseNgBuild|ARM.ActiveCfg = Release|Any CPU
		{13C212B8-C1B3-42A5-8315-D8766B47DCC0}.ReleaseNgBuild|ARM.Build.0 = Release|Any CPU
		{13C212B8-C1B3-42A5-8315-D8766B47DCC0}.ReleaseNgBuild|ARM64.ActiveCfg = Release|Any CPU
		{13C212B8-C1B3-42A5-8315-D8766B47DCC0}.ReleaseNgBuild|ARM64.Build.0 = Release|Any CPU
		{13C212B8-C1B3-42A5-8315-D8766B47DCC0}.ReleaseNgBuild|x64.ActiveCfg = Release|Any CPU
		{13C212B8-C1B3-42A5-8315-D8766B47DCC0}.ReleaseNgBuild|x64.Build.0 = Release|Any CPU
		{13C212B8-C1B3-42A5-8315-D8766B47DCC0}.ReleaseNgBuild|x86.ActiveCfg = Release|Any CPU
		{13C212B8-C1B3-42A5-8315-D8766B47DCC0}.ReleaseNgBuild|x86.Build.0 = Release|Any CPU
		{4716C074-23C4-4EDD-AEAF-D018DFFE76F4}.Debug|Any CPU.ActiveCfg = Debug|Any CPU
		{4716C074-23C4-4EDD-AEAF-D018DFFE76F4}.Debug|Any CPU.Build.0 = Debug|Any CPU
		{4716C074-23C4-4EDD-AEAF-D018DFFE76F4}.Debug|ARM.ActiveCfg = Debug|Any CPU
		{4716C074-23C4-4EDD-AEAF-D018DFFE76F4}.Debug|ARM.Build.0 = Debug|Any CPU
		{4716C074-23C4-4EDD-AEAF-D018DFFE76F4}.Debug|ARM64.ActiveCfg = Debug|Any CPU
		{4716C074-23C4-4EDD-AEAF-D018DFFE76F4}.Debug|ARM64.Build.0 = Debug|Any CPU
		{4716C074-23C4-4EDD-AEAF-D018DFFE76F4}.Debug|x64.ActiveCfg = Debug|Any CPU
		{4716C074-23C4-4EDD-AEAF-D018DFFE76F4}.Debug|x64.Build.0 = Debug|Any CPU
		{4716C074-23C4-4EDD-AEAF-D018DFFE76F4}.Debug|x86.ActiveCfg = Debug|Any CPU
		{4716C074-23C4-4EDD-AEAF-D018DFFE76F4}.Debug|x86.Build.0 = Debug|Any CPU
		{4716C074-23C4-4EDD-AEAF-D018DFFE76F4}.DebugDocker|Any CPU.ActiveCfg = Debug|Any CPU
		{4716C074-23C4-4EDD-AEAF-D018DFFE76F4}.DebugDocker|Any CPU.Build.0 = Debug|Any CPU
		{4716C074-23C4-4EDD-AEAF-D018DFFE76F4}.DebugDocker|ARM.ActiveCfg = Debug|Any CPU
		{4716C074-23C4-4EDD-AEAF-D018DFFE76F4}.DebugDocker|ARM.Build.0 = Debug|Any CPU
		{4716C074-23C4-4EDD-AEAF-D018DFFE76F4}.DebugDocker|ARM64.ActiveCfg = Debug|Any CPU
		{4716C074-23C4-4EDD-AEAF-D018DFFE76F4}.DebugDocker|ARM64.Build.0 = Debug|Any CPU
		{4716C074-23C4-4EDD-AEAF-D018DFFE76F4}.DebugDocker|x64.ActiveCfg = Debug|Any CPU
		{4716C074-23C4-4EDD-AEAF-D018DFFE76F4}.DebugDocker|x64.Build.0 = Debug|Any CPU
		{4716C074-23C4-4EDD-AEAF-D018DFFE76F4}.DebugDocker|x86.ActiveCfg = Debug|Any CPU
		{4716C074-23C4-4EDD-AEAF-D018DFFE76F4}.DebugDocker|x86.Build.0 = Debug|Any CPU
		{4716C074-23C4-4EDD-AEAF-D018DFFE76F4}.DebugNgBuild|Any CPU.ActiveCfg = Debug|Any CPU
		{4716C074-23C4-4EDD-AEAF-D018DFFE76F4}.DebugNgBuild|Any CPU.Build.0 = Debug|Any CPU
		{4716C074-23C4-4EDD-AEAF-D018DFFE76F4}.DebugNgBuild|ARM.ActiveCfg = Debug|Any CPU
		{4716C074-23C4-4EDD-AEAF-D018DFFE76F4}.DebugNgBuild|ARM.Build.0 = Debug|Any CPU
		{4716C074-23C4-4EDD-AEAF-D018DFFE76F4}.DebugNgBuild|ARM64.ActiveCfg = Debug|Any CPU
		{4716C074-23C4-4EDD-AEAF-D018DFFE76F4}.DebugNgBuild|ARM64.Build.0 = Debug|Any CPU
		{4716C074-23C4-4EDD-AEAF-D018DFFE76F4}.DebugNgBuild|x64.ActiveCfg = Debug|Any CPU
		{4716C074-23C4-4EDD-AEAF-D018DFFE76F4}.DebugNgBuild|x64.Build.0 = Debug|Any CPU
		{4716C074-23C4-4EDD-AEAF-D018DFFE76F4}.DebugNgBuild|x86.ActiveCfg = Debug|Any CPU
		{4716C074-23C4-4EDD-AEAF-D018DFFE76F4}.DebugNgBuild|x86.Build.0 = Debug|Any CPU
		{4716C074-23C4-4EDD-AEAF-D018DFFE76F4}.Release|Any CPU.ActiveCfg = Release|Any CPU
		{4716C074-23C4-4EDD-AEAF-D018DFFE76F4}.Release|Any CPU.Build.0 = Release|Any CPU
		{4716C074-23C4-4EDD-AEAF-D018DFFE76F4}.Release|ARM.ActiveCfg = Release|Any CPU
		{4716C074-23C4-4EDD-AEAF-D018DFFE76F4}.Release|ARM.Build.0 = Release|Any CPU
		{4716C074-23C4-4EDD-AEAF-D018DFFE76F4}.Release|ARM64.ActiveCfg = Release|Any CPU
		{4716C074-23C4-4EDD-AEAF-D018DFFE76F4}.Release|ARM64.Build.0 = Release|Any CPU
		{4716C074-23C4-4EDD-AEAF-D018DFFE76F4}.Release|x64.ActiveCfg = Release|Any CPU
		{4716C074-23C4-4EDD-AEAF-D018DFFE76F4}.Release|x64.Build.0 = Release|Any CPU
		{4716C074-23C4-4EDD-AEAF-D018DFFE76F4}.Release|x86.ActiveCfg = Release|Any CPU
		{4716C074-23C4-4EDD-AEAF-D018DFFE76F4}.Release|x86.Build.0 = Release|Any CPU
		{4716C074-23C4-4EDD-AEAF-D018DFFE76F4}.ReleaseDocker|Any CPU.ActiveCfg = Release|Any CPU
		{4716C074-23C4-4EDD-AEAF-D018DFFE76F4}.ReleaseDocker|Any CPU.Build.0 = Release|Any CPU
		{4716C074-23C4-4EDD-AEAF-D018DFFE76F4}.ReleaseDocker|ARM.ActiveCfg = Release|Any CPU
		{4716C074-23C4-4EDD-AEAF-D018DFFE76F4}.ReleaseDocker|ARM.Build.0 = Release|Any CPU
		{4716C074-23C4-4EDD-AEAF-D018DFFE76F4}.ReleaseDocker|ARM64.ActiveCfg = Release|Any CPU
		{4716C074-23C4-4EDD-AEAF-D018DFFE76F4}.ReleaseDocker|ARM64.Build.0 = Release|Any CPU
		{4716C074-23C4-4EDD-AEAF-D018DFFE76F4}.ReleaseDocker|x64.ActiveCfg = Release|Any CPU
		{4716C074-23C4-4EDD-AEAF-D018DFFE76F4}.ReleaseDocker|x64.Build.0 = Release|Any CPU
		{4716C074-23C4-4EDD-AEAF-D018DFFE76F4}.ReleaseDocker|x86.ActiveCfg = Release|Any CPU
		{4716C074-23C4-4EDD-AEAF-D018DFFE76F4}.ReleaseDocker|x86.Build.0 = Release|Any CPU
		{4716C074-23C4-4EDD-AEAF-D018DFFE76F4}.ReleaseNgBuild|Any CPU.ActiveCfg = Release|Any CPU
		{4716C074-23C4-4EDD-AEAF-D018DFFE76F4}.ReleaseNgBuild|Any CPU.Build.0 = Release|Any CPU
		{4716C074-23C4-4EDD-AEAF-D018DFFE76F4}.ReleaseNgBuild|ARM.ActiveCfg = Release|Any CPU
		{4716C074-23C4-4EDD-AEAF-D018DFFE76F4}.ReleaseNgBuild|ARM.Build.0 = Release|Any CPU
		{4716C074-23C4-4EDD-AEAF-D018DFFE76F4}.ReleaseNgBuild|ARM64.ActiveCfg = Release|Any CPU
		{4716C074-23C4-4EDD-AEAF-D018DFFE76F4}.ReleaseNgBuild|ARM64.Build.0 = Release|Any CPU
		{4716C074-23C4-4EDD-AEAF-D018DFFE76F4}.ReleaseNgBuild|x64.ActiveCfg = Release|Any CPU
		{4716C074-23C4-4EDD-AEAF-D018DFFE76F4}.ReleaseNgBuild|x64.Build.0 = Release|Any CPU
		{4716C074-23C4-4EDD-AEAF-D018DFFE76F4}.ReleaseNgBuild|x86.ActiveCfg = Release|Any CPU
		{4716C074-23C4-4EDD-AEAF-D018DFFE76F4}.ReleaseNgBuild|x86.Build.0 = Release|Any CPU
		{5E17FA2F-8A4A-4371-9A9F-334CCBBF9B87}.Debug|Any CPU.ActiveCfg = Debug|Any CPU
		{5E17FA2F-8A4A-4371-9A9F-334CCBBF9B87}.Debug|Any CPU.Build.0 = Debug|Any CPU
		{5E17FA2F-8A4A-4371-9A9F-334CCBBF9B87}.Debug|ARM.ActiveCfg = Debug|Any CPU
		{5E17FA2F-8A4A-4371-9A9F-334CCBBF9B87}.Debug|ARM.Build.0 = Debug|Any CPU
		{5E17FA2F-8A4A-4371-9A9F-334CCBBF9B87}.Debug|ARM64.ActiveCfg = Debug|Any CPU
		{5E17FA2F-8A4A-4371-9A9F-334CCBBF9B87}.Debug|ARM64.Build.0 = Debug|Any CPU
		{5E17FA2F-8A4A-4371-9A9F-334CCBBF9B87}.Debug|x64.ActiveCfg = Debug|Any CPU
		{5E17FA2F-8A4A-4371-9A9F-334CCBBF9B87}.Debug|x64.Build.0 = Debug|Any CPU
		{5E17FA2F-8A4A-4371-9A9F-334CCBBF9B87}.Debug|x86.ActiveCfg = Debug|Any CPU
		{5E17FA2F-8A4A-4371-9A9F-334CCBBF9B87}.Debug|x86.Build.0 = Debug|Any CPU
		{5E17FA2F-8A4A-4371-9A9F-334CCBBF9B87}.DebugDocker|Any CPU.ActiveCfg = Debug|Any CPU
		{5E17FA2F-8A4A-4371-9A9F-334CCBBF9B87}.DebugDocker|Any CPU.Build.0 = Debug|Any CPU
		{5E17FA2F-8A4A-4371-9A9F-334CCBBF9B87}.DebugDocker|ARM.ActiveCfg = Debug|Any CPU
		{5E17FA2F-8A4A-4371-9A9F-334CCBBF9B87}.DebugDocker|ARM.Build.0 = Debug|Any CPU
		{5E17FA2F-8A4A-4371-9A9F-334CCBBF9B87}.DebugDocker|ARM64.ActiveCfg = Debug|Any CPU
		{5E17FA2F-8A4A-4371-9A9F-334CCBBF9B87}.DebugDocker|ARM64.Build.0 = Debug|Any CPU
		{5E17FA2F-8A4A-4371-9A9F-334CCBBF9B87}.DebugDocker|x64.ActiveCfg = Debug|Any CPU
		{5E17FA2F-8A4A-4371-9A9F-334CCBBF9B87}.DebugDocker|x64.Build.0 = Debug|Any CPU
		{5E17FA2F-8A4A-4371-9A9F-334CCBBF9B87}.DebugDocker|x86.ActiveCfg = Debug|Any CPU
		{5E17FA2F-8A4A-4371-9A9F-334CCBBF9B87}.DebugDocker|x86.Build.0 = Debug|Any CPU
		{5E17FA2F-8A4A-4371-9A9F-334CCBBF9B87}.DebugNgBuild|Any CPU.ActiveCfg = Debug|Any CPU
		{5E17FA2F-8A4A-4371-9A9F-334CCBBF9B87}.DebugNgBuild|Any CPU.Build.0 = Debug|Any CPU
		{5E17FA2F-8A4A-4371-9A9F-334CCBBF9B87}.DebugNgBuild|ARM.ActiveCfg = Debug|Any CPU
		{5E17FA2F-8A4A-4371-9A9F-334CCBBF9B87}.DebugNgBuild|ARM.Build.0 = Debug|Any CPU
		{5E17FA2F-8A4A-4371-9A9F-334CCBBF9B87}.DebugNgBuild|ARM64.ActiveCfg = Debug|Any CPU
		{5E17FA2F-8A4A-4371-9A9F-334CCBBF9B87}.DebugNgBuild|ARM64.Build.0 = Debug|Any CPU
		{5E17FA2F-8A4A-4371-9A9F-334CCBBF9B87}.DebugNgBuild|x64.ActiveCfg = Debug|Any CPU
		{5E17FA2F-8A4A-4371-9A9F-334CCBBF9B87}.DebugNgBuild|x64.Build.0 = Debug|Any CPU
		{5E17FA2F-8A4A-4371-9A9F-334CCBBF9B87}.DebugNgBuild|x86.ActiveCfg = Debug|Any CPU
		{5E17FA2F-8A4A-4371-9A9F-334CCBBF9B87}.DebugNgBuild|x86.Build.0 = Debug|Any CPU
		{5E17FA2F-8A4A-4371-9A9F-334CCBBF9B87}.Release|Any CPU.ActiveCfg = Release|Any CPU
		{5E17FA2F-8A4A-4371-9A9F-334CCBBF9B87}.Release|Any CPU.Build.0 = Release|Any CPU
		{5E17FA2F-8A4A-4371-9A9F-334CCBBF9B87}.Release|ARM.ActiveCfg = Release|Any CPU
		{5E17FA2F-8A4A-4371-9A9F-334CCBBF9B87}.Release|ARM.Build.0 = Release|Any CPU
		{5E17FA2F-8A4A-4371-9A9F-334CCBBF9B87}.Release|ARM64.ActiveCfg = Release|Any CPU
		{5E17FA2F-8A4A-4371-9A9F-334CCBBF9B87}.Release|ARM64.Build.0 = Release|Any CPU
		{5E17FA2F-8A4A-4371-9A9F-334CCBBF9B87}.Release|x64.ActiveCfg = Release|Any CPU
		{5E17FA2F-8A4A-4371-9A9F-334CCBBF9B87}.Release|x64.Build.0 = Release|Any CPU
		{5E17FA2F-8A4A-4371-9A9F-334CCBBF9B87}.Release|x86.ActiveCfg = Release|Any CPU
		{5E17FA2F-8A4A-4371-9A9F-334CCBBF9B87}.Release|x86.Build.0 = Release|Any CPU
		{5E17FA2F-8A4A-4371-9A9F-334CCBBF9B87}.ReleaseDocker|Any CPU.ActiveCfg = Release|Any CPU
		{5E17FA2F-8A4A-4371-9A9F-334CCBBF9B87}.ReleaseDocker|Any CPU.Build.0 = Release|Any CPU
		{5E17FA2F-8A4A-4371-9A9F-334CCBBF9B87}.ReleaseDocker|ARM.ActiveCfg = Release|Any CPU
		{5E17FA2F-8A4A-4371-9A9F-334CCBBF9B87}.ReleaseDocker|ARM.Build.0 = Release|Any CPU
		{5E17FA2F-8A4A-4371-9A9F-334CCBBF9B87}.ReleaseDocker|ARM64.ActiveCfg = Release|Any CPU
		{5E17FA2F-8A4A-4371-9A9F-334CCBBF9B87}.ReleaseDocker|ARM64.Build.0 = Release|Any CPU
		{5E17FA2F-8A4A-4371-9A9F-334CCBBF9B87}.ReleaseDocker|x64.ActiveCfg = Release|Any CPU
		{5E17FA2F-8A4A-4371-9A9F-334CCBBF9B87}.ReleaseDocker|x64.Build.0 = Release|Any CPU
		{5E17FA2F-8A4A-4371-9A9F-334CCBBF9B87}.ReleaseDocker|x86.ActiveCfg = Release|Any CPU
		{5E17FA2F-8A4A-4371-9A9F-334CCBBF9B87}.ReleaseDocker|x86.Build.0 = Release|Any CPU
		{5E17FA2F-8A4A-4371-9A9F-334CCBBF9B87}.ReleaseNgBuild|Any CPU.ActiveCfg = Release|Any CPU
		{5E17FA2F-8A4A-4371-9A9F-334CCBBF9B87}.ReleaseNgBuild|Any CPU.Build.0 = Release|Any CPU
		{5E17FA2F-8A4A-4371-9A9F-334CCBBF9B87}.ReleaseNgBuild|ARM.ActiveCfg = Release|Any CPU
		{5E17FA2F-8A4A-4371-9A9F-334CCBBF9B87}.ReleaseNgBuild|ARM.Build.0 = Release|Any CPU
		{5E17FA2F-8A4A-4371-9A9F-334CCBBF9B87}.ReleaseNgBuild|ARM64.ActiveCfg = Release|Any CPU
		{5E17FA2F-8A4A-4371-9A9F-334CCBBF9B87}.ReleaseNgBuild|ARM64.Build.0 = Release|Any CPU
		{5E17FA2F-8A4A-4371-9A9F-334CCBBF9B87}.ReleaseNgBuild|x64.ActiveCfg = Release|Any CPU
		{5E17FA2F-8A4A-4371-9A9F-334CCBBF9B87}.ReleaseNgBuild|x64.Build.0 = Release|Any CPU
		{5E17FA2F-8A4A-4371-9A9F-334CCBBF9B87}.ReleaseNgBuild|x86.ActiveCfg = Release|Any CPU
		{5E17FA2F-8A4A-4371-9A9F-334CCBBF9B87}.ReleaseNgBuild|x86.Build.0 = Release|Any CPU
		{052471A9-5196-4A38-B664-35C65552CA71}.Debug|Any CPU.ActiveCfg = Debug|Any CPU
		{052471A9-5196-4A38-B664-35C65552CA71}.Debug|Any CPU.Build.0 = Debug|Any CPU
		{052471A9-5196-4A38-B664-35C65552CA71}.Debug|ARM.ActiveCfg = Debug|Any CPU
		{052471A9-5196-4A38-B664-35C65552CA71}.Debug|ARM.Build.0 = Debug|Any CPU
		{052471A9-5196-4A38-B664-35C65552CA71}.Debug|ARM64.ActiveCfg = Debug|Any CPU
		{052471A9-5196-4A38-B664-35C65552CA71}.Debug|ARM64.Build.0 = Debug|Any CPU
		{052471A9-5196-4A38-B664-35C65552CA71}.Debug|x64.ActiveCfg = Debug|Any CPU
		{052471A9-5196-4A38-B664-35C65552CA71}.Debug|x64.Build.0 = Debug|Any CPU
		{052471A9-5196-4A38-B664-35C65552CA71}.Debug|x86.ActiveCfg = Debug|Any CPU
		{052471A9-5196-4A38-B664-35C65552CA71}.Debug|x86.Build.0 = Debug|Any CPU
		{052471A9-5196-4A38-B664-35C65552CA71}.DebugDocker|Any CPU.ActiveCfg = Debug|Any CPU
		{052471A9-5196-4A38-B664-35C65552CA71}.DebugDocker|Any CPU.Build.0 = Debug|Any CPU
		{052471A9-5196-4A38-B664-35C65552CA71}.DebugDocker|ARM.ActiveCfg = Debug|Any CPU
		{052471A9-5196-4A38-B664-35C65552CA71}.DebugDocker|ARM.Build.0 = Debug|Any CPU
		{052471A9-5196-4A38-B664-35C65552CA71}.DebugDocker|ARM64.ActiveCfg = Debug|Any CPU
		{052471A9-5196-4A38-B664-35C65552CA71}.DebugDocker|ARM64.Build.0 = Debug|Any CPU
		{052471A9-5196-4A38-B664-35C65552CA71}.DebugDocker|x64.ActiveCfg = Debug|Any CPU
		{052471A9-5196-4A38-B664-35C65552CA71}.DebugDocker|x64.Build.0 = Debug|Any CPU
		{052471A9-5196-4A38-B664-35C65552CA71}.DebugDocker|x86.ActiveCfg = Debug|Any CPU
		{052471A9-5196-4A38-B664-35C65552CA71}.DebugDocker|x86.Build.0 = Debug|Any CPU
		{052471A9-5196-4A38-B664-35C65552CA71}.DebugNgBuild|Any CPU.ActiveCfg = Debug|Any CPU
		{052471A9-5196-4A38-B664-35C65552CA71}.DebugNgBuild|Any CPU.Build.0 = Debug|Any CPU
		{052471A9-5196-4A38-B664-35C65552CA71}.DebugNgBuild|ARM.ActiveCfg = Debug|Any CPU
		{052471A9-5196-4A38-B664-35C65552CA71}.DebugNgBuild|ARM.Build.0 = Debug|Any CPU
		{052471A9-5196-4A38-B664-35C65552CA71}.DebugNgBuild|ARM64.ActiveCfg = Debug|Any CPU
		{052471A9-5196-4A38-B664-35C65552CA71}.DebugNgBuild|ARM64.Build.0 = Debug|Any CPU
		{052471A9-5196-4A38-B664-35C65552CA71}.DebugNgBuild|x64.ActiveCfg = Debug|Any CPU
		{052471A9-5196-4A38-B664-35C65552CA71}.DebugNgBuild|x64.Build.0 = Debug|Any CPU
		{052471A9-5196-4A38-B664-35C65552CA71}.DebugNgBuild|x86.ActiveCfg = Debug|Any CPU
		{052471A9-5196-4A38-B664-35C65552CA71}.DebugNgBuild|x86.Build.0 = Debug|Any CPU
		{052471A9-5196-4A38-B664-35C65552CA71}.Release|Any CPU.ActiveCfg = Release|Any CPU
		{052471A9-5196-4A38-B664-35C65552CA71}.Release|Any CPU.Build.0 = Release|Any CPU
		{052471A9-5196-4A38-B664-35C65552CA71}.Release|ARM.ActiveCfg = Release|Any CPU
		{052471A9-5196-4A38-B664-35C65552CA71}.Release|ARM.Build.0 = Release|Any CPU
		{052471A9-5196-4A38-B664-35C65552CA71}.Release|ARM64.ActiveCfg = Release|Any CPU
		{052471A9-5196-4A38-B664-35C65552CA71}.Release|ARM64.Build.0 = Release|Any CPU
		{052471A9-5196-4A38-B664-35C65552CA71}.Release|x64.ActiveCfg = Release|Any CPU
		{052471A9-5196-4A38-B664-35C65552CA71}.Release|x64.Build.0 = Release|Any CPU
		{052471A9-5196-4A38-B664-35C65552CA71}.Release|x86.ActiveCfg = Release|Any CPU
		{052471A9-5196-4A38-B664-35C65552CA71}.Release|x86.Build.0 = Release|Any CPU
		{052471A9-5196-4A38-B664-35C65552CA71}.ReleaseDocker|Any CPU.ActiveCfg = Release|Any CPU
		{052471A9-5196-4A38-B664-35C65552CA71}.ReleaseDocker|Any CPU.Build.0 = Release|Any CPU
		{052471A9-5196-4A38-B664-35C65552CA71}.ReleaseDocker|ARM.ActiveCfg = Release|Any CPU
		{052471A9-5196-4A38-B664-35C65552CA71}.ReleaseDocker|ARM.Build.0 = Release|Any CPU
		{052471A9-5196-4A38-B664-35C65552CA71}.ReleaseDocker|ARM64.ActiveCfg = Release|Any CPU
		{052471A9-5196-4A38-B664-35C65552CA71}.ReleaseDocker|ARM64.Build.0 = Release|Any CPU
		{052471A9-5196-4A38-B664-35C65552CA71}.ReleaseDocker|x64.ActiveCfg = Release|Any CPU
		{052471A9-5196-4A38-B664-35C65552CA71}.ReleaseDocker|x64.Build.0 = Release|Any CPU
		{052471A9-5196-4A38-B664-35C65552CA71}.ReleaseDocker|x86.ActiveCfg = Release|Any CPU
		{052471A9-5196-4A38-B664-35C65552CA71}.ReleaseDocker|x86.Build.0 = Release|Any CPU
		{052471A9-5196-4A38-B664-35C65552CA71}.ReleaseNgBuild|Any CPU.ActiveCfg = Release|Any CPU
		{052471A9-5196-4A38-B664-35C65552CA71}.ReleaseNgBuild|Any CPU.Build.0 = Release|Any CPU
		{052471A9-5196-4A38-B664-35C65552CA71}.ReleaseNgBuild|ARM.ActiveCfg = Release|Any CPU
		{052471A9-5196-4A38-B664-35C65552CA71}.ReleaseNgBuild|ARM.Build.0 = Release|Any CPU
		{052471A9-5196-4A38-B664-35C65552CA71}.ReleaseNgBuild|ARM64.ActiveCfg = Release|Any CPU
		{052471A9-5196-4A38-B664-35C65552CA71}.ReleaseNgBuild|ARM64.Build.0 = Release|Any CPU
		{052471A9-5196-4A38-B664-35C65552CA71}.ReleaseNgBuild|x64.ActiveCfg = Release|Any CPU
		{052471A9-5196-4A38-B664-35C65552CA71}.ReleaseNgBuild|x64.Build.0 = Release|Any CPU
		{052471A9-5196-4A38-B664-35C65552CA71}.ReleaseNgBuild|x86.ActiveCfg = Release|Any CPU
		{052471A9-5196-4A38-B664-35C65552CA71}.ReleaseNgBuild|x86.Build.0 = Release|Any CPU
		{4155A869-EFE4-4254-A166-F05ADD3B4AEC}.Debug|Any CPU.ActiveCfg = Debug|Any CPU
		{4155A869-EFE4-4254-A166-F05ADD3B4AEC}.Debug|Any CPU.Build.0 = Debug|Any CPU
		{4155A869-EFE4-4254-A166-F05ADD3B4AEC}.Debug|ARM.ActiveCfg = Debug|Any CPU
		{4155A869-EFE4-4254-A166-F05ADD3B4AEC}.Debug|ARM.Build.0 = Debug|Any CPU
		{4155A869-EFE4-4254-A166-F05ADD3B4AEC}.Debug|ARM64.ActiveCfg = Debug|Any CPU
		{4155A869-EFE4-4254-A166-F05ADD3B4AEC}.Debug|ARM64.Build.0 = Debug|Any CPU
		{4155A869-EFE4-4254-A166-F05ADD3B4AEC}.Debug|x64.ActiveCfg = Debug|Any CPU
		{4155A869-EFE4-4254-A166-F05ADD3B4AEC}.Debug|x64.Build.0 = Debug|Any CPU
		{4155A869-EFE4-4254-A166-F05ADD3B4AEC}.Debug|x86.ActiveCfg = Debug|Any CPU
		{4155A869-EFE4-4254-A166-F05ADD3B4AEC}.Debug|x86.Build.0 = Debug|Any CPU
		{4155A869-EFE4-4254-A166-F05ADD3B4AEC}.DebugDocker|Any CPU.ActiveCfg = Debug|Any CPU
		{4155A869-EFE4-4254-A166-F05ADD3B4AEC}.DebugDocker|Any CPU.Build.0 = Debug|Any CPU
		{4155A869-EFE4-4254-A166-F05ADD3B4AEC}.DebugDocker|ARM.ActiveCfg = Debug|Any CPU
		{4155A869-EFE4-4254-A166-F05ADD3B4AEC}.DebugDocker|ARM.Build.0 = Debug|Any CPU
		{4155A869-EFE4-4254-A166-F05ADD3B4AEC}.DebugDocker|ARM64.ActiveCfg = Debug|Any CPU
		{4155A869-EFE4-4254-A166-F05ADD3B4AEC}.DebugDocker|ARM64.Build.0 = Debug|Any CPU
		{4155A869-EFE4-4254-A166-F05ADD3B4AEC}.DebugDocker|x64.ActiveCfg = Debug|Any CPU
		{4155A869-EFE4-4254-A166-F05ADD3B4AEC}.DebugDocker|x64.Build.0 = Debug|Any CPU
		{4155A869-EFE4-4254-A166-F05ADD3B4AEC}.DebugDocker|x86.ActiveCfg = Debug|Any CPU
		{4155A869-EFE4-4254-A166-F05ADD3B4AEC}.DebugDocker|x86.Build.0 = Debug|Any CPU
		{4155A869-EFE4-4254-A166-F05ADD3B4AEC}.DebugNgBuild|Any CPU.ActiveCfg = Debug|Any CPU
		{4155A869-EFE4-4254-A166-F05ADD3B4AEC}.DebugNgBuild|Any CPU.Build.0 = Debug|Any CPU
		{4155A869-EFE4-4254-A166-F05ADD3B4AEC}.DebugNgBuild|ARM.ActiveCfg = Debug|Any CPU
		{4155A869-EFE4-4254-A166-F05ADD3B4AEC}.DebugNgBuild|ARM.Build.0 = Debug|Any CPU
		{4155A869-EFE4-4254-A166-F05ADD3B4AEC}.DebugNgBuild|ARM64.ActiveCfg = Debug|Any CPU
		{4155A869-EFE4-4254-A166-F05ADD3B4AEC}.DebugNgBuild|ARM64.Build.0 = Debug|Any CPU
		{4155A869-EFE4-4254-A166-F05ADD3B4AEC}.DebugNgBuild|x64.ActiveCfg = Debug|Any CPU
		{4155A869-EFE4-4254-A166-F05ADD3B4AEC}.DebugNgBuild|x64.Build.0 = Debug|Any CPU
		{4155A869-EFE4-4254-A166-F05ADD3B4AEC}.DebugNgBuild|x86.ActiveCfg = Debug|Any CPU
		{4155A869-EFE4-4254-A166-F05ADD3B4AEC}.DebugNgBuild|x86.Build.0 = Debug|Any CPU
		{4155A869-EFE4-4254-A166-F05ADD3B4AEC}.Release|Any CPU.ActiveCfg = Release|Any CPU
		{4155A869-EFE4-4254-A166-F05ADD3B4AEC}.Release|Any CPU.Build.0 = Release|Any CPU
		{4155A869-EFE4-4254-A166-F05ADD3B4AEC}.Release|ARM.ActiveCfg = Release|Any CPU
		{4155A869-EFE4-4254-A166-F05ADD3B4AEC}.Release|ARM.Build.0 = Release|Any CPU
		{4155A869-EFE4-4254-A166-F05ADD3B4AEC}.Release|ARM64.ActiveCfg = Release|Any CPU
		{4155A869-EFE4-4254-A166-F05ADD3B4AEC}.Release|ARM64.Build.0 = Release|Any CPU
		{4155A869-EFE4-4254-A166-F05ADD3B4AEC}.Release|x64.ActiveCfg = Release|Any CPU
		{4155A869-EFE4-4254-A166-F05ADD3B4AEC}.Release|x64.Build.0 = Release|Any CPU
		{4155A869-EFE4-4254-A166-F05ADD3B4AEC}.Release|x86.ActiveCfg = Release|Any CPU
		{4155A869-EFE4-4254-A166-F05ADD3B4AEC}.Release|x86.Build.0 = Release|Any CPU
		{4155A869-EFE4-4254-A166-F05ADD3B4AEC}.ReleaseDocker|Any CPU.ActiveCfg = Release|Any CPU
		{4155A869-EFE4-4254-A166-F05ADD3B4AEC}.ReleaseDocker|Any CPU.Build.0 = Release|Any CPU
		{4155A869-EFE4-4254-A166-F05ADD3B4AEC}.ReleaseDocker|ARM.ActiveCfg = Release|Any CPU
		{4155A869-EFE4-4254-A166-F05ADD3B4AEC}.ReleaseDocker|ARM.Build.0 = Release|Any CPU
		{4155A869-EFE4-4254-A166-F05ADD3B4AEC}.ReleaseDocker|ARM64.ActiveCfg = Release|Any CPU
		{4155A869-EFE4-4254-A166-F05ADD3B4AEC}.ReleaseDocker|ARM64.Build.0 = Release|Any CPU
		{4155A869-EFE4-4254-A166-F05ADD3B4AEC}.ReleaseDocker|x64.ActiveCfg = Release|Any CPU
		{4155A869-EFE4-4254-A166-F05ADD3B4AEC}.ReleaseDocker|x64.Build.0 = Release|Any CPU
		{4155A869-EFE4-4254-A166-F05ADD3B4AEC}.ReleaseDocker|x86.ActiveCfg = Release|Any CPU
		{4155A869-EFE4-4254-A166-F05ADD3B4AEC}.ReleaseDocker|x86.Build.0 = Release|Any CPU
		{4155A869-EFE4-4254-A166-F05ADD3B4AEC}.ReleaseNgBuild|Any CPU.ActiveCfg = Release|Any CPU
		{4155A869-EFE4-4254-A166-F05ADD3B4AEC}.ReleaseNgBuild|Any CPU.Build.0 = Release|Any CPU
		{4155A869-EFE4-4254-A166-F05ADD3B4AEC}.ReleaseNgBuild|ARM.ActiveCfg = Release|Any CPU
		{4155A869-EFE4-4254-A166-F05ADD3B4AEC}.ReleaseNgBuild|ARM.Build.0 = Release|Any CPU
		{4155A869-EFE4-4254-A166-F05ADD3B4AEC}.ReleaseNgBuild|ARM64.ActiveCfg = Release|Any CPU
		{4155A869-EFE4-4254-A166-F05ADD3B4AEC}.ReleaseNgBuild|ARM64.Build.0 = Release|Any CPU
		{4155A869-EFE4-4254-A166-F05ADD3B4AEC}.ReleaseNgBuild|x64.ActiveCfg = Release|Any CPU
		{4155A869-EFE4-4254-A166-F05ADD3B4AEC}.ReleaseNgBuild|x64.Build.0 = Release|Any CPU
		{4155A869-EFE4-4254-A166-F05ADD3B4AEC}.ReleaseNgBuild|x86.ActiveCfg = Release|Any CPU
		{4155A869-EFE4-4254-A166-F05ADD3B4AEC}.ReleaseNgBuild|x86.Build.0 = Release|Any CPU
		{872FEBBC-4A3E-4009-B48E-FAA0136E495F}.Debug|Any CPU.ActiveCfg = Debug|Any CPU
		{872FEBBC-4A3E-4009-B48E-FAA0136E495F}.Debug|Any CPU.Build.0 = Debug|Any CPU
		{872FEBBC-4A3E-4009-B48E-FAA0136E495F}.Debug|ARM.ActiveCfg = Debug|Any CPU
		{872FEBBC-4A3E-4009-B48E-FAA0136E495F}.Debug|ARM.Build.0 = Debug|Any CPU
		{872FEBBC-4A3E-4009-B48E-FAA0136E495F}.Debug|ARM64.ActiveCfg = Debug|Any CPU
		{872FEBBC-4A3E-4009-B48E-FAA0136E495F}.Debug|ARM64.Build.0 = Debug|Any CPU
		{872FEBBC-4A3E-4009-B48E-FAA0136E495F}.Debug|x64.ActiveCfg = Debug|Any CPU
		{872FEBBC-4A3E-4009-B48E-FAA0136E495F}.Debug|x64.Build.0 = Debug|Any CPU
		{872FEBBC-4A3E-4009-B48E-FAA0136E495F}.Debug|x86.ActiveCfg = Debug|Any CPU
		{872FEBBC-4A3E-4009-B48E-FAA0136E495F}.Debug|x86.Build.0 = Debug|Any CPU
		{872FEBBC-4A3E-4009-B48E-FAA0136E495F}.DebugDocker|Any CPU.ActiveCfg = Debug|Any CPU
		{872FEBBC-4A3E-4009-B48E-FAA0136E495F}.DebugDocker|Any CPU.Build.0 = Debug|Any CPU
		{872FEBBC-4A3E-4009-B48E-FAA0136E495F}.DebugDocker|ARM.ActiveCfg = Debug|Any CPU
		{872FEBBC-4A3E-4009-B48E-FAA0136E495F}.DebugDocker|ARM.Build.0 = Debug|Any CPU
		{872FEBBC-4A3E-4009-B48E-FAA0136E495F}.DebugDocker|ARM64.ActiveCfg = Debug|Any CPU
		{872FEBBC-4A3E-4009-B48E-FAA0136E495F}.DebugDocker|ARM64.Build.0 = Debug|Any CPU
		{872FEBBC-4A3E-4009-B48E-FAA0136E495F}.DebugDocker|x64.ActiveCfg = Debug|Any CPU
		{872FEBBC-4A3E-4009-B48E-FAA0136E495F}.DebugDocker|x64.Build.0 = Debug|Any CPU
		{872FEBBC-4A3E-4009-B48E-FAA0136E495F}.DebugDocker|x86.ActiveCfg = Debug|Any CPU
		{872FEBBC-4A3E-4009-B48E-FAA0136E495F}.DebugDocker|x86.Build.0 = Debug|Any CPU
		{872FEBBC-4A3E-4009-B48E-FAA0136E495F}.DebugNgBuild|Any CPU.ActiveCfg = Debug|Any CPU
		{872FEBBC-4A3E-4009-B48E-FAA0136E495F}.DebugNgBuild|Any CPU.Build.0 = Debug|Any CPU
		{872FEBBC-4A3E-4009-B48E-FAA0136E495F}.DebugNgBuild|ARM.ActiveCfg = Debug|Any CPU
		{872FEBBC-4A3E-4009-B48E-FAA0136E495F}.DebugNgBuild|ARM.Build.0 = Debug|Any CPU
		{872FEBBC-4A3E-4009-B48E-FAA0136E495F}.DebugNgBuild|ARM64.ActiveCfg = Debug|Any CPU
		{872FEBBC-4A3E-4009-B48E-FAA0136E495F}.DebugNgBuild|ARM64.Build.0 = Debug|Any CPU
		{872FEBBC-4A3E-4009-B48E-FAA0136E495F}.DebugNgBuild|x64.ActiveCfg = Debug|Any CPU
		{872FEBBC-4A3E-4009-B48E-FAA0136E495F}.DebugNgBuild|x64.Build.0 = Debug|Any CPU
		{872FEBBC-4A3E-4009-B48E-FAA0136E495F}.DebugNgBuild|x86.ActiveCfg = Debug|Any CPU
		{872FEBBC-4A3E-4009-B48E-FAA0136E495F}.DebugNgBuild|x86.Build.0 = Debug|Any CPU
		{872FEBBC-4A3E-4009-B48E-FAA0136E495F}.Release|Any CPU.ActiveCfg = Release|Any CPU
		{872FEBBC-4A3E-4009-B48E-FAA0136E495F}.Release|Any CPU.Build.0 = Release|Any CPU
		{872FEBBC-4A3E-4009-B48E-FAA0136E495F}.Release|ARM.ActiveCfg = Release|Any CPU
		{872FEBBC-4A3E-4009-B48E-FAA0136E495F}.Release|ARM.Build.0 = Release|Any CPU
		{872FEBBC-4A3E-4009-B48E-FAA0136E495F}.Release|ARM64.ActiveCfg = Release|Any CPU
		{872FEBBC-4A3E-4009-B48E-FAA0136E495F}.Release|ARM64.Build.0 = Release|Any CPU
		{872FEBBC-4A3E-4009-B48E-FAA0136E495F}.Release|x64.ActiveCfg = Release|Any CPU
		{872FEBBC-4A3E-4009-B48E-FAA0136E495F}.Release|x64.Build.0 = Release|Any CPU
		{872FEBBC-4A3E-4009-B48E-FAA0136E495F}.Release|x86.ActiveCfg = Release|Any CPU
		{872FEBBC-4A3E-4009-B48E-FAA0136E495F}.Release|x86.Build.0 = Release|Any CPU
		{872FEBBC-4A3E-4009-B48E-FAA0136E495F}.ReleaseDocker|Any CPU.ActiveCfg = Release|Any CPU
		{872FEBBC-4A3E-4009-B48E-FAA0136E495F}.ReleaseDocker|Any CPU.Build.0 = Release|Any CPU
		{872FEBBC-4A3E-4009-B48E-FAA0136E495F}.ReleaseDocker|ARM.ActiveCfg = Release|Any CPU
		{872FEBBC-4A3E-4009-B48E-FAA0136E495F}.ReleaseDocker|ARM.Build.0 = Release|Any CPU
		{872FEBBC-4A3E-4009-B48E-FAA0136E495F}.ReleaseDocker|ARM64.ActiveCfg = Release|Any CPU
		{872FEBBC-4A3E-4009-B48E-FAA0136E495F}.ReleaseDocker|ARM64.Build.0 = Release|Any CPU
		{872FEBBC-4A3E-4009-B48E-FAA0136E495F}.ReleaseDocker|x64.ActiveCfg = Release|Any CPU
		{872FEBBC-4A3E-4009-B48E-FAA0136E495F}.ReleaseDocker|x64.Build.0 = Release|Any CPU
		{872FEBBC-4A3E-4009-B48E-FAA0136E495F}.ReleaseDocker|x86.ActiveCfg = Release|Any CPU
		{872FEBBC-4A3E-4009-B48E-FAA0136E495F}.ReleaseDocker|x86.Build.0 = Release|Any CPU
		{872FEBBC-4A3E-4009-B48E-FAA0136E495F}.ReleaseNgBuild|Any CPU.ActiveCfg = Release|Any CPU
		{872FEBBC-4A3E-4009-B48E-FAA0136E495F}.ReleaseNgBuild|Any CPU.Build.0 = Release|Any CPU
		{872FEBBC-4A3E-4009-B48E-FAA0136E495F}.ReleaseNgBuild|ARM.ActiveCfg = Release|Any CPU
		{872FEBBC-4A3E-4009-B48E-FAA0136E495F}.ReleaseNgBuild|ARM.Build.0 = Release|Any CPU
		{872FEBBC-4A3E-4009-B48E-FAA0136E495F}.ReleaseNgBuild|ARM64.ActiveCfg = Release|Any CPU
		{872FEBBC-4A3E-4009-B48E-FAA0136E495F}.ReleaseNgBuild|ARM64.Build.0 = Release|Any CPU
		{872FEBBC-4A3E-4009-B48E-FAA0136E495F}.ReleaseNgBuild|x64.ActiveCfg = Release|Any CPU
		{872FEBBC-4A3E-4009-B48E-FAA0136E495F}.ReleaseNgBuild|x64.Build.0 = Release|Any CPU
		{872FEBBC-4A3E-4009-B48E-FAA0136E495F}.ReleaseNgBuild|x86.ActiveCfg = Release|Any CPU
		{872FEBBC-4A3E-4009-B48E-FAA0136E495F}.ReleaseNgBuild|x86.Build.0 = Release|Any CPU
		{3D110075-D3ED-4DB4-9FED-FE7CD2C367A2}.Debug|Any CPU.ActiveCfg = Debug|Any CPU
		{3D110075-D3ED-4DB4-9FED-FE7CD2C367A2}.Debug|Any CPU.Build.0 = Debug|Any CPU
		{3D110075-D3ED-4DB4-9FED-FE7CD2C367A2}.Debug|ARM.ActiveCfg = Debug|Any CPU
		{3D110075-D3ED-4DB4-9FED-FE7CD2C367A2}.Debug|ARM.Build.0 = Debug|Any CPU
		{3D110075-D3ED-4DB4-9FED-FE7CD2C367A2}.Debug|ARM64.ActiveCfg = Debug|Any CPU
		{3D110075-D3ED-4DB4-9FED-FE7CD2C367A2}.Debug|ARM64.Build.0 = Debug|Any CPU
		{3D110075-D3ED-4DB4-9FED-FE7CD2C367A2}.Debug|x64.ActiveCfg = Debug|Any CPU
		{3D110075-D3ED-4DB4-9FED-FE7CD2C367A2}.Debug|x64.Build.0 = Debug|Any CPU
		{3D110075-D3ED-4DB4-9FED-FE7CD2C367A2}.Debug|x86.ActiveCfg = Debug|Any CPU
		{3D110075-D3ED-4DB4-9FED-FE7CD2C367A2}.Debug|x86.Build.0 = Debug|Any CPU
		{3D110075-D3ED-4DB4-9FED-FE7CD2C367A2}.DebugDocker|Any CPU.ActiveCfg = Debug|Any CPU
		{3D110075-D3ED-4DB4-9FED-FE7CD2C367A2}.DebugDocker|Any CPU.Build.0 = Debug|Any CPU
		{3D110075-D3ED-4DB4-9FED-FE7CD2C367A2}.DebugDocker|ARM.ActiveCfg = Debug|Any CPU
		{3D110075-D3ED-4DB4-9FED-FE7CD2C367A2}.DebugDocker|ARM.Build.0 = Debug|Any CPU
		{3D110075-D3ED-4DB4-9FED-FE7CD2C367A2}.DebugDocker|ARM64.ActiveCfg = Debug|Any CPU
		{3D110075-D3ED-4DB4-9FED-FE7CD2C367A2}.DebugDocker|ARM64.Build.0 = Debug|Any CPU
		{3D110075-D3ED-4DB4-9FED-FE7CD2C367A2}.DebugDocker|x64.ActiveCfg = Debug|Any CPU
		{3D110075-D3ED-4DB4-9FED-FE7CD2C367A2}.DebugDocker|x64.Build.0 = Debug|Any CPU
		{3D110075-D3ED-4DB4-9FED-FE7CD2C367A2}.DebugDocker|x86.ActiveCfg = Debug|Any CPU
		{3D110075-D3ED-4DB4-9FED-FE7CD2C367A2}.DebugDocker|x86.Build.0 = Debug|Any CPU
		{3D110075-D3ED-4DB4-9FED-FE7CD2C367A2}.DebugNgBuild|Any CPU.ActiveCfg = Debug|Any CPU
		{3D110075-D3ED-4DB4-9FED-FE7CD2C367A2}.DebugNgBuild|Any CPU.Build.0 = Debug|Any CPU
		{3D110075-D3ED-4DB4-9FED-FE7CD2C367A2}.DebugNgBuild|ARM.ActiveCfg = Debug|Any CPU
		{3D110075-D3ED-4DB4-9FED-FE7CD2C367A2}.DebugNgBuild|ARM.Build.0 = Debug|Any CPU
		{3D110075-D3ED-4DB4-9FED-FE7CD2C367A2}.DebugNgBuild|ARM64.ActiveCfg = Debug|Any CPU
		{3D110075-D3ED-4DB4-9FED-FE7CD2C367A2}.DebugNgBuild|ARM64.Build.0 = Debug|Any CPU
		{3D110075-D3ED-4DB4-9FED-FE7CD2C367A2}.DebugNgBuild|x64.ActiveCfg = Debug|Any CPU
		{3D110075-D3ED-4DB4-9FED-FE7CD2C367A2}.DebugNgBuild|x64.Build.0 = Debug|Any CPU
		{3D110075-D3ED-4DB4-9FED-FE7CD2C367A2}.DebugNgBuild|x86.ActiveCfg = Debug|Any CPU
		{3D110075-D3ED-4DB4-9FED-FE7CD2C367A2}.DebugNgBuild|x86.Build.0 = Debug|Any CPU
		{3D110075-D3ED-4DB4-9FED-FE7CD2C367A2}.Release|Any CPU.ActiveCfg = Release|Any CPU
		{3D110075-D3ED-4DB4-9FED-FE7CD2C367A2}.Release|Any CPU.Build.0 = Release|Any CPU
		{3D110075-D3ED-4DB4-9FED-FE7CD2C367A2}.Release|ARM.ActiveCfg = Release|Any CPU
		{3D110075-D3ED-4DB4-9FED-FE7CD2C367A2}.Release|ARM.Build.0 = Release|Any CPU
		{3D110075-D3ED-4DB4-9FED-FE7CD2C367A2}.Release|ARM64.ActiveCfg = Release|Any CPU
		{3D110075-D3ED-4DB4-9FED-FE7CD2C367A2}.Release|ARM64.Build.0 = Release|Any CPU
		{3D110075-D3ED-4DB4-9FED-FE7CD2C367A2}.Release|x64.ActiveCfg = Release|Any CPU
		{3D110075-D3ED-4DB4-9FED-FE7CD2C367A2}.Release|x64.Build.0 = Release|Any CPU
		{3D110075-D3ED-4DB4-9FED-FE7CD2C367A2}.Release|x86.ActiveCfg = Release|Any CPU
		{3D110075-D3ED-4DB4-9FED-FE7CD2C367A2}.Release|x86.Build.0 = Release|Any CPU
		{3D110075-D3ED-4DB4-9FED-FE7CD2C367A2}.ReleaseDocker|Any CPU.ActiveCfg = Release|Any CPU
		{3D110075-D3ED-4DB4-9FED-FE7CD2C367A2}.ReleaseDocker|Any CPU.Build.0 = Release|Any CPU
		{3D110075-D3ED-4DB4-9FED-FE7CD2C367A2}.ReleaseDocker|ARM.ActiveCfg = Release|Any CPU
		{3D110075-D3ED-4DB4-9FED-FE7CD2C367A2}.ReleaseDocker|ARM.Build.0 = Release|Any CPU
		{3D110075-D3ED-4DB4-9FED-FE7CD2C367A2}.ReleaseDocker|ARM64.ActiveCfg = Release|Any CPU
		{3D110075-D3ED-4DB4-9FED-FE7CD2C367A2}.ReleaseDocker|ARM64.Build.0 = Release|Any CPU
		{3D110075-D3ED-4DB4-9FED-FE7CD2C367A2}.ReleaseDocker|x64.ActiveCfg = Release|Any CPU
		{3D110075-D3ED-4DB4-9FED-FE7CD2C367A2}.ReleaseDocker|x64.Build.0 = Release|Any CPU
		{3D110075-D3ED-4DB4-9FED-FE7CD2C367A2}.ReleaseDocker|x86.ActiveCfg = Release|Any CPU
		{3D110075-D3ED-4DB4-9FED-FE7CD2C367A2}.ReleaseDocker|x86.Build.0 = Release|Any CPU
		{3D110075-D3ED-4DB4-9FED-FE7CD2C367A2}.ReleaseNgBuild|Any CPU.ActiveCfg = Release|Any CPU
		{3D110075-D3ED-4DB4-9FED-FE7CD2C367A2}.ReleaseNgBuild|Any CPU.Build.0 = Release|Any CPU
		{3D110075-D3ED-4DB4-9FED-FE7CD2C367A2}.ReleaseNgBuild|ARM.ActiveCfg = Release|Any CPU
		{3D110075-D3ED-4DB4-9FED-FE7CD2C367A2}.ReleaseNgBuild|ARM.Build.0 = Release|Any CPU
		{3D110075-D3ED-4DB4-9FED-FE7CD2C367A2}.ReleaseNgBuild|ARM64.ActiveCfg = Release|Any CPU
		{3D110075-D3ED-4DB4-9FED-FE7CD2C367A2}.ReleaseNgBuild|ARM64.Build.0 = Release|Any CPU
		{3D110075-D3ED-4DB4-9FED-FE7CD2C367A2}.ReleaseNgBuild|x64.ActiveCfg = Release|Any CPU
		{3D110075-D3ED-4DB4-9FED-FE7CD2C367A2}.ReleaseNgBuild|x64.Build.0 = Release|Any CPU
		{3D110075-D3ED-4DB4-9FED-FE7CD2C367A2}.ReleaseNgBuild|x86.ActiveCfg = Release|Any CPU
		{3D110075-D3ED-4DB4-9FED-FE7CD2C367A2}.ReleaseNgBuild|x86.Build.0 = Release|Any CPU
		{825C8031-BAD6-43AE-B5C5-549AC5BECCBE}.Debug|Any CPU.ActiveCfg = Debug|Any CPU
		{825C8031-BAD6-43AE-B5C5-549AC5BECCBE}.Debug|Any CPU.Build.0 = Debug|Any CPU
		{825C8031-BAD6-43AE-B5C5-549AC5BECCBE}.Debug|ARM.ActiveCfg = Debug|Any CPU
		{825C8031-BAD6-43AE-B5C5-549AC5BECCBE}.Debug|ARM.Build.0 = Debug|Any CPU
		{825C8031-BAD6-43AE-B5C5-549AC5BECCBE}.Debug|ARM64.ActiveCfg = Debug|Any CPU
		{825C8031-BAD6-43AE-B5C5-549AC5BECCBE}.Debug|ARM64.Build.0 = Debug|Any CPU
		{825C8031-BAD6-43AE-B5C5-549AC5BECCBE}.Debug|x64.ActiveCfg = Debug|Any CPU
		{825C8031-BAD6-43AE-B5C5-549AC5BECCBE}.Debug|x64.Build.0 = Debug|Any CPU
		{825C8031-BAD6-43AE-B5C5-549AC5BECCBE}.Debug|x86.ActiveCfg = Debug|Any CPU
		{825C8031-BAD6-43AE-B5C5-549AC5BECCBE}.Debug|x86.Build.0 = Debug|Any CPU
		{825C8031-BAD6-43AE-B5C5-549AC5BECCBE}.DebugDocker|Any CPU.ActiveCfg = Debug|Any CPU
		{825C8031-BAD6-43AE-B5C5-549AC5BECCBE}.DebugDocker|Any CPU.Build.0 = Debug|Any CPU
		{825C8031-BAD6-43AE-B5C5-549AC5BECCBE}.DebugDocker|ARM.ActiveCfg = Debug|Any CPU
		{825C8031-BAD6-43AE-B5C5-549AC5BECCBE}.DebugDocker|ARM.Build.0 = Debug|Any CPU
		{825C8031-BAD6-43AE-B5C5-549AC5BECCBE}.DebugDocker|ARM64.ActiveCfg = Debug|Any CPU
		{825C8031-BAD6-43AE-B5C5-549AC5BECCBE}.DebugDocker|ARM64.Build.0 = Debug|Any CPU
		{825C8031-BAD6-43AE-B5C5-549AC5BECCBE}.DebugDocker|x64.ActiveCfg = Debug|Any CPU
		{825C8031-BAD6-43AE-B5C5-549AC5BECCBE}.DebugDocker|x64.Build.0 = Debug|Any CPU
		{825C8031-BAD6-43AE-B5C5-549AC5BECCBE}.DebugDocker|x86.ActiveCfg = Debug|Any CPU
		{825C8031-BAD6-43AE-B5C5-549AC5BECCBE}.DebugDocker|x86.Build.0 = Debug|Any CPU
		{825C8031-BAD6-43AE-B5C5-549AC5BECCBE}.DebugNgBuild|Any CPU.ActiveCfg = Debug|Any CPU
		{825C8031-BAD6-43AE-B5C5-549AC5BECCBE}.DebugNgBuild|Any CPU.Build.0 = Debug|Any CPU
		{825C8031-BAD6-43AE-B5C5-549AC5BECCBE}.DebugNgBuild|ARM.ActiveCfg = Debug|Any CPU
		{825C8031-BAD6-43AE-B5C5-549AC5BECCBE}.DebugNgBuild|ARM.Build.0 = Debug|Any CPU
		{825C8031-BAD6-43AE-B5C5-549AC5BECCBE}.DebugNgBuild|ARM64.ActiveCfg = Debug|Any CPU
		{825C8031-BAD6-43AE-B5C5-549AC5BECCBE}.DebugNgBuild|ARM64.Build.0 = Debug|Any CPU
		{825C8031-BAD6-43AE-B5C5-549AC5BECCBE}.DebugNgBuild|x64.ActiveCfg = Debug|Any CPU
		{825C8031-BAD6-43AE-B5C5-549AC5BECCBE}.DebugNgBuild|x64.Build.0 = Debug|Any CPU
		{825C8031-BAD6-43AE-B5C5-549AC5BECCBE}.DebugNgBuild|x86.ActiveCfg = Debug|Any CPU
		{825C8031-BAD6-43AE-B5C5-549AC5BECCBE}.DebugNgBuild|x86.Build.0 = Debug|Any CPU
		{825C8031-BAD6-43AE-B5C5-549AC5BECCBE}.Release|Any CPU.ActiveCfg = Release|Any CPU
		{825C8031-BAD6-43AE-B5C5-549AC5BECCBE}.Release|Any CPU.Build.0 = Release|Any CPU
		{825C8031-BAD6-43AE-B5C5-549AC5BECCBE}.Release|ARM.ActiveCfg = Release|Any CPU
		{825C8031-BAD6-43AE-B5C5-549AC5BECCBE}.Release|ARM.Build.0 = Release|Any CPU
		{825C8031-BAD6-43AE-B5C5-549AC5BECCBE}.Release|ARM64.ActiveCfg = Release|Any CPU
		{825C8031-BAD6-43AE-B5C5-549AC5BECCBE}.Release|ARM64.Build.0 = Release|Any CPU
		{825C8031-BAD6-43AE-B5C5-549AC5BECCBE}.Release|x64.ActiveCfg = Release|Any CPU
		{825C8031-BAD6-43AE-B5C5-549AC5BECCBE}.Release|x64.Build.0 = Release|Any CPU
		{825C8031-BAD6-43AE-B5C5-549AC5BECCBE}.Release|x86.ActiveCfg = Release|Any CPU
		{825C8031-BAD6-43AE-B5C5-549AC5BECCBE}.Release|x86.Build.0 = Release|Any CPU
		{825C8031-BAD6-43AE-B5C5-549AC5BECCBE}.ReleaseDocker|Any CPU.ActiveCfg = Release|Any CPU
		{825C8031-BAD6-43AE-B5C5-549AC5BECCBE}.ReleaseDocker|Any CPU.Build.0 = Release|Any CPU
		{825C8031-BAD6-43AE-B5C5-549AC5BECCBE}.ReleaseDocker|ARM.ActiveCfg = Release|Any CPU
		{825C8031-BAD6-43AE-B5C5-549AC5BECCBE}.ReleaseDocker|ARM.Build.0 = Release|Any CPU
		{825C8031-BAD6-43AE-B5C5-549AC5BECCBE}.ReleaseDocker|ARM64.ActiveCfg = Release|Any CPU
		{825C8031-BAD6-43AE-B5C5-549AC5BECCBE}.ReleaseDocker|ARM64.Build.0 = Release|Any CPU
		{825C8031-BAD6-43AE-B5C5-549AC5BECCBE}.ReleaseDocker|x64.ActiveCfg = Release|Any CPU
		{825C8031-BAD6-43AE-B5C5-549AC5BECCBE}.ReleaseDocker|x64.Build.0 = Release|Any CPU
		{825C8031-BAD6-43AE-B5C5-549AC5BECCBE}.ReleaseDocker|x86.ActiveCfg = Release|Any CPU
		{825C8031-BAD6-43AE-B5C5-549AC5BECCBE}.ReleaseDocker|x86.Build.0 = Release|Any CPU
		{825C8031-BAD6-43AE-B5C5-549AC5BECCBE}.ReleaseNgBuild|Any CPU.ActiveCfg = Release|Any CPU
		{825C8031-BAD6-43AE-B5C5-549AC5BECCBE}.ReleaseNgBuild|Any CPU.Build.0 = Release|Any CPU
		{825C8031-BAD6-43AE-B5C5-549AC5BECCBE}.ReleaseNgBuild|ARM.ActiveCfg = Release|Any CPU
		{825C8031-BAD6-43AE-B5C5-549AC5BECCBE}.ReleaseNgBuild|ARM.Build.0 = Release|Any CPU
		{825C8031-BAD6-43AE-B5C5-549AC5BECCBE}.ReleaseNgBuild|ARM64.ActiveCfg = Release|Any CPU
		{825C8031-BAD6-43AE-B5C5-549AC5BECCBE}.ReleaseNgBuild|ARM64.Build.0 = Release|Any CPU
		{825C8031-BAD6-43AE-B5C5-549AC5BECCBE}.ReleaseNgBuild|x64.ActiveCfg = Release|Any CPU
		{825C8031-BAD6-43AE-B5C5-549AC5BECCBE}.ReleaseNgBuild|x64.Build.0 = Release|Any CPU
		{825C8031-BAD6-43AE-B5C5-549AC5BECCBE}.ReleaseNgBuild|x86.ActiveCfg = Release|Any CPU
		{825C8031-BAD6-43AE-B5C5-549AC5BECCBE}.ReleaseNgBuild|x86.Build.0 = Release|Any CPU
		{8B450FD8-6FA1-412F-9709-8B8860BB31B6}.Debug|Any CPU.ActiveCfg = Debug|Any CPU
		{8B450FD8-6FA1-412F-9709-8B8860BB31B6}.Debug|Any CPU.Build.0 = Debug|Any CPU
		{8B450FD8-6FA1-412F-9709-8B8860BB31B6}.Debug|ARM.ActiveCfg = Debug|Any CPU
		{8B450FD8-6FA1-412F-9709-8B8860BB31B6}.Debug|ARM.Build.0 = Debug|Any CPU
		{8B450FD8-6FA1-412F-9709-8B8860BB31B6}.Debug|ARM64.ActiveCfg = Debug|Any CPU
		{8B450FD8-6FA1-412F-9709-8B8860BB31B6}.Debug|ARM64.Build.0 = Debug|Any CPU
		{8B450FD8-6FA1-412F-9709-8B8860BB31B6}.Debug|x64.ActiveCfg = Debug|Any CPU
		{8B450FD8-6FA1-412F-9709-8B8860BB31B6}.Debug|x64.Build.0 = Debug|Any CPU
		{8B450FD8-6FA1-412F-9709-8B8860BB31B6}.Debug|x86.ActiveCfg = Debug|Any CPU
		{8B450FD8-6FA1-412F-9709-8B8860BB31B6}.Debug|x86.Build.0 = Debug|Any CPU
		{8B450FD8-6FA1-412F-9709-8B8860BB31B6}.DebugDocker|Any CPU.ActiveCfg = Debug|Any CPU
		{8B450FD8-6FA1-412F-9709-8B8860BB31B6}.DebugDocker|Any CPU.Build.0 = Debug|Any CPU
		{8B450FD8-6FA1-412F-9709-8B8860BB31B6}.DebugDocker|ARM.ActiveCfg = Debug|Any CPU
		{8B450FD8-6FA1-412F-9709-8B8860BB31B6}.DebugDocker|ARM.Build.0 = Debug|Any CPU
		{8B450FD8-6FA1-412F-9709-8B8860BB31B6}.DebugDocker|ARM64.ActiveCfg = Debug|Any CPU
		{8B450FD8-6FA1-412F-9709-8B8860BB31B6}.DebugDocker|ARM64.Build.0 = Debug|Any CPU
		{8B450FD8-6FA1-412F-9709-8B8860BB31B6}.DebugDocker|x64.ActiveCfg = Debug|Any CPU
		{8B450FD8-6FA1-412F-9709-8B8860BB31B6}.DebugDocker|x64.Build.0 = Debug|Any CPU
		{8B450FD8-6FA1-412F-9709-8B8860BB31B6}.DebugDocker|x86.ActiveCfg = Debug|Any CPU
		{8B450FD8-6FA1-412F-9709-8B8860BB31B6}.DebugDocker|x86.Build.0 = Debug|Any CPU
		{8B450FD8-6FA1-412F-9709-8B8860BB31B6}.DebugNgBuild|Any CPU.ActiveCfg = Debug|Any CPU
		{8B450FD8-6FA1-412F-9709-8B8860BB31B6}.DebugNgBuild|Any CPU.Build.0 = Debug|Any CPU
		{8B450FD8-6FA1-412F-9709-8B8860BB31B6}.DebugNgBuild|ARM.ActiveCfg = Debug|Any CPU
		{8B450FD8-6FA1-412F-9709-8B8860BB31B6}.DebugNgBuild|ARM.Build.0 = Debug|Any CPU
		{8B450FD8-6FA1-412F-9709-8B8860BB31B6}.DebugNgBuild|ARM64.ActiveCfg = Debug|Any CPU
		{8B450FD8-6FA1-412F-9709-8B8860BB31B6}.DebugNgBuild|ARM64.Build.0 = Debug|Any CPU
		{8B450FD8-6FA1-412F-9709-8B8860BB31B6}.DebugNgBuild|x64.ActiveCfg = Debug|Any CPU
		{8B450FD8-6FA1-412F-9709-8B8860BB31B6}.DebugNgBuild|x64.Build.0 = Debug|Any CPU
		{8B450FD8-6FA1-412F-9709-8B8860BB31B6}.DebugNgBuild|x86.ActiveCfg = Debug|Any CPU
		{8B450FD8-6FA1-412F-9709-8B8860BB31B6}.DebugNgBuild|x86.Build.0 = Debug|Any CPU
		{8B450FD8-6FA1-412F-9709-8B8860BB31B6}.Release|Any CPU.ActiveCfg = Release|Any CPU
		{8B450FD8-6FA1-412F-9709-8B8860BB31B6}.Release|Any CPU.Build.0 = Release|Any CPU
		{8B450FD8-6FA1-412F-9709-8B8860BB31B6}.Release|ARM.ActiveCfg = Release|Any CPU
		{8B450FD8-6FA1-412F-9709-8B8860BB31B6}.Release|ARM.Build.0 = Release|Any CPU
		{8B450FD8-6FA1-412F-9709-8B8860BB31B6}.Release|ARM64.ActiveCfg = Release|Any CPU
		{8B450FD8-6FA1-412F-9709-8B8860BB31B6}.Release|ARM64.Build.0 = Release|Any CPU
		{8B450FD8-6FA1-412F-9709-8B8860BB31B6}.Release|x64.ActiveCfg = Release|Any CPU
		{8B450FD8-6FA1-412F-9709-8B8860BB31B6}.Release|x64.Build.0 = Release|Any CPU
		{8B450FD8-6FA1-412F-9709-8B8860BB31B6}.Release|x86.ActiveCfg = Release|Any CPU
		{8B450FD8-6FA1-412F-9709-8B8860BB31B6}.Release|x86.Build.0 = Release|Any CPU
		{8B450FD8-6FA1-412F-9709-8B8860BB31B6}.ReleaseDocker|Any CPU.ActiveCfg = Release|Any CPU
		{8B450FD8-6FA1-412F-9709-8B8860BB31B6}.ReleaseDocker|Any CPU.Build.0 = Release|Any CPU
		{8B450FD8-6FA1-412F-9709-8B8860BB31B6}.ReleaseDocker|ARM.ActiveCfg = Release|Any CPU
		{8B450FD8-6FA1-412F-9709-8B8860BB31B6}.ReleaseDocker|ARM.Build.0 = Release|Any CPU
		{8B450FD8-6FA1-412F-9709-8B8860BB31B6}.ReleaseDocker|ARM64.ActiveCfg = Release|Any CPU
		{8B450FD8-6FA1-412F-9709-8B8860BB31B6}.ReleaseDocker|ARM64.Build.0 = Release|Any CPU
		{8B450FD8-6FA1-412F-9709-8B8860BB31B6}.ReleaseDocker|x64.ActiveCfg = Release|Any CPU
		{8B450FD8-6FA1-412F-9709-8B8860BB31B6}.ReleaseDocker|x64.Build.0 = Release|Any CPU
		{8B450FD8-6FA1-412F-9709-8B8860BB31B6}.ReleaseDocker|x86.ActiveCfg = Release|Any CPU
		{8B450FD8-6FA1-412F-9709-8B8860BB31B6}.ReleaseDocker|x86.Build.0 = Release|Any CPU
		{8B450FD8-6FA1-412F-9709-8B8860BB31B6}.ReleaseNgBuild|Any CPU.ActiveCfg = Release|Any CPU
		{8B450FD8-6FA1-412F-9709-8B8860BB31B6}.ReleaseNgBuild|Any CPU.Build.0 = Release|Any CPU
		{8B450FD8-6FA1-412F-9709-8B8860BB31B6}.ReleaseNgBuild|ARM.ActiveCfg = Release|Any CPU
		{8B450FD8-6FA1-412F-9709-8B8860BB31B6}.ReleaseNgBuild|ARM.Build.0 = Release|Any CPU
		{8B450FD8-6FA1-412F-9709-8B8860BB31B6}.ReleaseNgBuild|ARM64.ActiveCfg = Release|Any CPU
		{8B450FD8-6FA1-412F-9709-8B8860BB31B6}.ReleaseNgBuild|ARM64.Build.0 = Release|Any CPU
		{8B450FD8-6FA1-412F-9709-8B8860BB31B6}.ReleaseNgBuild|x64.ActiveCfg = Release|Any CPU
		{8B450FD8-6FA1-412F-9709-8B8860BB31B6}.ReleaseNgBuild|x64.Build.0 = Release|Any CPU
		{8B450FD8-6FA1-412F-9709-8B8860BB31B6}.ReleaseNgBuild|x86.ActiveCfg = Release|Any CPU
		{8B450FD8-6FA1-412F-9709-8B8860BB31B6}.ReleaseNgBuild|x86.Build.0 = Release|Any CPU
		{641C0F78-6D05-4B0E-B9BE-7658880C1CC0}.Debug|Any CPU.ActiveCfg = Debug|Any CPU
		{641C0F78-6D05-4B0E-B9BE-7658880C1CC0}.Debug|Any CPU.Build.0 = Debug|Any CPU
		{641C0F78-6D05-4B0E-B9BE-7658880C1CC0}.Debug|ARM.ActiveCfg = Debug|Any CPU
		{641C0F78-6D05-4B0E-B9BE-7658880C1CC0}.Debug|ARM.Build.0 = Debug|Any CPU
		{641C0F78-6D05-4B0E-B9BE-7658880C1CC0}.Debug|ARM64.ActiveCfg = Debug|Any CPU
		{641C0F78-6D05-4B0E-B9BE-7658880C1CC0}.Debug|ARM64.Build.0 = Debug|Any CPU
		{641C0F78-6D05-4B0E-B9BE-7658880C1CC0}.Debug|x64.ActiveCfg = Debug|Any CPU
		{641C0F78-6D05-4B0E-B9BE-7658880C1CC0}.Debug|x64.Build.0 = Debug|Any CPU
		{641C0F78-6D05-4B0E-B9BE-7658880C1CC0}.Debug|x86.ActiveCfg = Debug|Any CPU
		{641C0F78-6D05-4B0E-B9BE-7658880C1CC0}.Debug|x86.Build.0 = Debug|Any CPU
		{641C0F78-6D05-4B0E-B9BE-7658880C1CC0}.DebugDocker|Any CPU.ActiveCfg = DebugDocker|Any CPU
		{641C0F78-6D05-4B0E-B9BE-7658880C1CC0}.DebugDocker|Any CPU.Build.0 = DebugDocker|Any CPU
		{641C0F78-6D05-4B0E-B9BE-7658880C1CC0}.DebugDocker|ARM.ActiveCfg = DebugDocker|Any CPU
		{641C0F78-6D05-4B0E-B9BE-7658880C1CC0}.DebugDocker|ARM.Build.0 = DebugDocker|Any CPU
		{641C0F78-6D05-4B0E-B9BE-7658880C1CC0}.DebugDocker|ARM64.ActiveCfg = DebugDocker|Any CPU
		{641C0F78-6D05-4B0E-B9BE-7658880C1CC0}.DebugDocker|ARM64.Build.0 = DebugDocker|Any CPU
		{641C0F78-6D05-4B0E-B9BE-7658880C1CC0}.DebugDocker|x64.ActiveCfg = DebugDocker|Any CPU
		{641C0F78-6D05-4B0E-B9BE-7658880C1CC0}.DebugDocker|x64.Build.0 = DebugDocker|Any CPU
		{641C0F78-6D05-4B0E-B9BE-7658880C1CC0}.DebugDocker|x86.ActiveCfg = DebugDocker|Any CPU
		{641C0F78-6D05-4B0E-B9BE-7658880C1CC0}.DebugDocker|x86.Build.0 = DebugDocker|Any CPU
		{641C0F78-6D05-4B0E-B9BE-7658880C1CC0}.DebugNgBuild|Any CPU.ActiveCfg = Debug|Any CPU
		{641C0F78-6D05-4B0E-B9BE-7658880C1CC0}.DebugNgBuild|Any CPU.Build.0 = Debug|Any CPU
		{641C0F78-6D05-4B0E-B9BE-7658880C1CC0}.DebugNgBuild|ARM.ActiveCfg = Debug|Any CPU
		{641C0F78-6D05-4B0E-B9BE-7658880C1CC0}.DebugNgBuild|ARM.Build.0 = Debug|Any CPU
		{641C0F78-6D05-4B0E-B9BE-7658880C1CC0}.DebugNgBuild|ARM64.ActiveCfg = Debug|Any CPU
		{641C0F78-6D05-4B0E-B9BE-7658880C1CC0}.DebugNgBuild|ARM64.Build.0 = Debug|Any CPU
		{641C0F78-6D05-4B0E-B9BE-7658880C1CC0}.DebugNgBuild|x64.ActiveCfg = Debug|Any CPU
		{641C0F78-6D05-4B0E-B9BE-7658880C1CC0}.DebugNgBuild|x64.Build.0 = Debug|Any CPU
		{641C0F78-6D05-4B0E-B9BE-7658880C1CC0}.DebugNgBuild|x86.ActiveCfg = Debug|Any CPU
		{641C0F78-6D05-4B0E-B9BE-7658880C1CC0}.DebugNgBuild|x86.Build.0 = Debug|Any CPU
		{641C0F78-6D05-4B0E-B9BE-7658880C1CC0}.Release|Any CPU.ActiveCfg = Release|Any CPU
		{641C0F78-6D05-4B0E-B9BE-7658880C1CC0}.Release|Any CPU.Build.0 = Release|Any CPU
		{641C0F78-6D05-4B0E-B9BE-7658880C1CC0}.Release|ARM.ActiveCfg = Release|Any CPU
		{641C0F78-6D05-4B0E-B9BE-7658880C1CC0}.Release|ARM.Build.0 = Release|Any CPU
		{641C0F78-6D05-4B0E-B9BE-7658880C1CC0}.Release|ARM64.ActiveCfg = Release|Any CPU
		{641C0F78-6D05-4B0E-B9BE-7658880C1CC0}.Release|ARM64.Build.0 = Release|Any CPU
		{641C0F78-6D05-4B0E-B9BE-7658880C1CC0}.Release|x64.ActiveCfg = Release|Any CPU
		{641C0F78-6D05-4B0E-B9BE-7658880C1CC0}.Release|x64.Build.0 = Release|Any CPU
		{641C0F78-6D05-4B0E-B9BE-7658880C1CC0}.Release|x86.ActiveCfg = Release|Any CPU
		{641C0F78-6D05-4B0E-B9BE-7658880C1CC0}.Release|x86.Build.0 = Release|Any CPU
		{641C0F78-6D05-4B0E-B9BE-7658880C1CC0}.ReleaseDocker|Any CPU.ActiveCfg = ReleaseDocker|Any CPU
		{641C0F78-6D05-4B0E-B9BE-7658880C1CC0}.ReleaseDocker|Any CPU.Build.0 = ReleaseDocker|Any CPU
		{641C0F78-6D05-4B0E-B9BE-7658880C1CC0}.ReleaseDocker|ARM.ActiveCfg = ReleaseDocker|Any CPU
		{641C0F78-6D05-4B0E-B9BE-7658880C1CC0}.ReleaseDocker|ARM.Build.0 = ReleaseDocker|Any CPU
		{641C0F78-6D05-4B0E-B9BE-7658880C1CC0}.ReleaseDocker|ARM64.ActiveCfg = ReleaseDocker|Any CPU
		{641C0F78-6D05-4B0E-B9BE-7658880C1CC0}.ReleaseDocker|ARM64.Build.0 = ReleaseDocker|Any CPU
		{641C0F78-6D05-4B0E-B9BE-7658880C1CC0}.ReleaseDocker|x64.ActiveCfg = ReleaseDocker|Any CPU
		{641C0F78-6D05-4B0E-B9BE-7658880C1CC0}.ReleaseDocker|x64.Build.0 = ReleaseDocker|Any CPU
		{641C0F78-6D05-4B0E-B9BE-7658880C1CC0}.ReleaseDocker|x86.ActiveCfg = ReleaseDocker|Any CPU
		{641C0F78-6D05-4B0E-B9BE-7658880C1CC0}.ReleaseDocker|x86.Build.0 = ReleaseDocker|Any CPU
		{641C0F78-6D05-4B0E-B9BE-7658880C1CC0}.ReleaseNgBuild|Any CPU.ActiveCfg = Release|Any CPU
		{641C0F78-6D05-4B0E-B9BE-7658880C1CC0}.ReleaseNgBuild|Any CPU.Build.0 = Release|Any CPU
		{641C0F78-6D05-4B0E-B9BE-7658880C1CC0}.ReleaseNgBuild|ARM.ActiveCfg = Release|Any CPU
		{641C0F78-6D05-4B0E-B9BE-7658880C1CC0}.ReleaseNgBuild|ARM.Build.0 = Release|Any CPU
		{641C0F78-6D05-4B0E-B9BE-7658880C1CC0}.ReleaseNgBuild|ARM64.ActiveCfg = Release|Any CPU
		{641C0F78-6D05-4B0E-B9BE-7658880C1CC0}.ReleaseNgBuild|ARM64.Build.0 = Release|Any CPU
		{641C0F78-6D05-4B0E-B9BE-7658880C1CC0}.ReleaseNgBuild|x64.ActiveCfg = Release|Any CPU
		{641C0F78-6D05-4B0E-B9BE-7658880C1CC0}.ReleaseNgBuild|x64.Build.0 = Release|Any CPU
		{641C0F78-6D05-4B0E-B9BE-7658880C1CC0}.ReleaseNgBuild|x86.ActiveCfg = Release|Any CPU
		{641C0F78-6D05-4B0E-B9BE-7658880C1CC0}.ReleaseNgBuild|x86.Build.0 = Release|Any CPU
	EndGlobalSection
	GlobalSection(SolutionProperties) = preSolution
		HideSolutionNode = FALSE
	EndGlobalSection
	GlobalSection(NestedProjects) = preSolution
		{F817047F-018D-4F93-BDA5-58602073B634} = {C72E2D13-0A5C-428F-9989-A15FF55DAA7E}
		{13C212B8-C1B3-42A5-8315-D8766B47DCC0} = {19B0715C-03B0-4F13-A800-14260DB068C7}
		{4716C074-23C4-4EDD-AEAF-D018DFFE76F4} = {C72E2D13-0A5C-428F-9989-A15FF55DAA7E}
		{5E17FA2F-8A4A-4371-9A9F-334CCBBF9B87} = {C72E2D13-0A5C-428F-9989-A15FF55DAA7E}
		{052471A9-5196-4A38-B664-35C65552CA71} = {C72E2D13-0A5C-428F-9989-A15FF55DAA7E}
		{4155A869-EFE4-4254-A166-F05ADD3B4AEC} = {C72E2D13-0A5C-428F-9989-A15FF55DAA7E}
		{872FEBBC-4A3E-4009-B48E-FAA0136E495F} = {E21A31A8-72D5-4393-B00B-DD8FD2572D1D}
		{3D110075-D3ED-4DB4-9FED-FE7CD2C367A2} = {E21A31A8-72D5-4393-B00B-DD8FD2572D1D}
		{825C8031-BAD6-43AE-B5C5-549AC5BECCBE} = {E21A31A8-72D5-4393-B00B-DD8FD2572D1D}
		{8B450FD8-6FA1-412F-9709-8B8860BB31B6} = {E21A31A8-72D5-4393-B00B-DD8FD2572D1D}
		{641C0F78-6D05-4B0E-B9BE-7658880C1CC0} = {E21A31A8-72D5-4393-B00B-DD8FD2572D1D}
	EndGlobalSection
	GlobalSection(ExtensibilityGlobals) = postSolution
		SolutionGuid = {9A995CE7-EE72-4C9A-9151-0CFEE33332C1}
	EndGlobalSection
EndGlobal
