
Microsoft Visual Studio Solution File, Format Version 12.00
# Visual Studio Version 16
VisualStudioVersion = 16.0.30804.86
MinimumVisualStudioVersion = 15.0.26124.0
Project("{2150E333-8FDC-42A3-9474-1A3956D46DE8}") = "Auth", "Auth", "{4469D420-7EEC-11EB-B802-D356A4085F57}"
EndProject
Project("{9A19103F-16F7-4668-BE54-9A1E7A4F7556}") = "Shared", "auth\Shared\Shared.csproj", "{A7DD21C8-5AFD-477A-B34D-B49EDE49C46C}"
EndProject
Project("{2150E333-8FDC-42A3-9474-1A3956D46DE8}") = "Data", "Data", "{74A85F56-8902-4795-BA98-1F41A67F9741}"
EndProject
Project("{9A19103F-16F7-4668-BE54-9A1E7A4F7556}") = "Shared", "auth\Data\Shared\Shared.csproj", "{DA9DB4FE-E2C8-40D7-B13A-9F9CA079A257}"
EndProject
Project("{9A19103F-16F7-4668-BE54-9A1E7A4F7556}") = "SqlServer", "auth\Data\SqlServer\SqlServer.csproj", "{FDE39EDC-5BFE-4365-82FA-3A698FCB5922}"
EndProject
Project("{9A19103F-16F7-4668-BE54-9A1E7A4F7556}") = "PostgreSQL", "auth\Data\PostgreSQL\PostgreSQL.csproj", "{50080B3F-BB94-454C-ABEE-6BF82302960E}"
EndProject
Project("{9A19103F-16F7-4668-BE54-9A1E7A4F7556}") = "MySql", "auth\Data\MySql\MySql.csproj", "{DE7D9B3A-0A10-4F7B-8991-B5E597E5C334}"
EndProject
Project("{9A19103F-16F7-4668-BE54-9A1E7A4F7556}") = "Web", "auth\Web\Web.csproj", "{97C3C25B-C1F7-4443-94B7-E8136314692C}"
EndProject
Project("{2150E333-8FDC-42A3-9474-1A3956D46DE8}") = "Admin", "Admin", "{566B7AC7-A01A-4A90-927E-14C5F0FC3E88}"
EndProject
Project("{9A19103F-16F7-4668-BE54-9A1E7A4F7556}") = "Api", "auth\Admin\Api\Api.csproj", "{E47C6FDA-769F-45E9-8377-5EEC2CAFD095}"
EndProject
Project("{9A19103F-16F7-4668-BE54-9A1E7A4F7556}") = "Web", "auth\Admin\Web\Web.csproj", "{C5FC5855-6226-4027-9482-8DDF081AF405}"
EndProject
Project("{2150E333-8FDC-42A3-9474-1A3956D46DE8}") = "Solution Items", "Solution Items", "{331D9402-09B3-4CFF-AA8F-9445D2AFBD39}"
	ProjectSection(SolutionItems) = preProject
		.gitignore = .gitignore
	EndProjectSection
EndProject
Global
	GlobalSection(SolutionConfigurationPlatforms) = preSolution
		Debug|Any CPU = Debug|Any CPU
		DebugDocker|Any CPU = DebugDocker|Any CPU
		Release|Any CPU = Release|Any CPU
		ReleaseDocker|Any CPU = ReleaseDocker|Any CPU
	EndGlobalSection
	GlobalSection(ProjectConfigurationPlatforms) = postSolution
		{A7DD21C8-5AFD-477A-B34D-B49EDE49C46C}.Debug|Any CPU.ActiveCfg = Debug|Any CPU
		{A7DD21C8-5AFD-477A-B34D-B49EDE49C46C}.Debug|Any CPU.Build.0 = Debug|Any CPU
		{A7DD21C8-5AFD-477A-B34D-B49EDE49C46C}.DebugDocker|Any CPU.ActiveCfg = DebugDocker|Any CPU
		{A7DD21C8-5AFD-477A-B34D-B49EDE49C46C}.DebugDocker|Any CPU.Build.0 = DebugDocker|Any CPU
		{A7DD21C8-5AFD-477A-B34D-B49EDE49C46C}.Release|Any CPU.ActiveCfg = Release|Any CPU
		{A7DD21C8-5AFD-477A-B34D-B49EDE49C46C}.Release|Any CPU.Build.0 = Release|Any CPU
		{A7DD21C8-5AFD-477A-B34D-B49EDE49C46C}.ReleaseDocker|Any CPU.ActiveCfg = Release|Any CPU
		{A7DD21C8-5AFD-477A-B34D-B49EDE49C46C}.ReleaseDocker|Any CPU.Build.0 = Release|Any CPU
		{DA9DB4FE-E2C8-40D7-B13A-9F9CA079A257}.Debug|Any CPU.ActiveCfg = Debug|Any CPU
		{DA9DB4FE-E2C8-40D7-B13A-9F9CA079A257}.Debug|Any CPU.Build.0 = Debug|Any CPU
		{DA9DB4FE-E2C8-40D7-B13A-9F9CA079A257}.DebugDocker|Any CPU.ActiveCfg = DebugDocker|Any CPU
		{DA9DB4FE-E2C8-40D7-B13A-9F9CA079A257}.DebugDocker|Any CPU.Build.0 = DebugDocker|Any CPU
		{DA9DB4FE-E2C8-40D7-B13A-9F9CA079A257}.Release|Any CPU.ActiveCfg = Release|Any CPU
		{DA9DB4FE-E2C8-40D7-B13A-9F9CA079A257}.Release|Any CPU.Build.0 = Release|Any CPU
		{DA9DB4FE-E2C8-40D7-B13A-9F9CA079A257}.ReleaseDocker|Any CPU.ActiveCfg = Release|Any CPU
		{DA9DB4FE-E2C8-40D7-B13A-9F9CA079A257}.ReleaseDocker|Any CPU.Build.0 = Release|Any CPU
		{FDE39EDC-5BFE-4365-82FA-3A698FCB5922}.Debug|Any CPU.ActiveCfg = Debug|Any CPU
		{FDE39EDC-5BFE-4365-82FA-3A698FCB5922}.Debug|Any CPU.Build.0 = Debug|Any CPU
		{FDE39EDC-5BFE-4365-82FA-3A698FCB5922}.DebugDocker|Any CPU.ActiveCfg = DebugDocker|Any CPU
		{FDE39EDC-5BFE-4365-82FA-3A698FCB5922}.DebugDocker|Any CPU.Build.0 = DebugDocker|Any CPU
		{FDE39EDC-5BFE-4365-82FA-3A698FCB5922}.Release|Any CPU.ActiveCfg = Release|Any CPU
		{FDE39EDC-5BFE-4365-82FA-3A698FCB5922}.Release|Any CPU.Build.0 = Release|Any CPU
		{FDE39EDC-5BFE-4365-82FA-3A698FCB5922}.ReleaseDocker|Any CPU.ActiveCfg = Release|Any CPU
		{FDE39EDC-5BFE-4365-82FA-3A698FCB5922}.ReleaseDocker|Any CPU.Build.0 = Release|Any CPU
		{50080B3F-BB94-454C-ABEE-6BF82302960E}.Debug|Any CPU.ActiveCfg = Debug|Any CPU
		{50080B3F-BB94-454C-ABEE-6BF82302960E}.Debug|Any CPU.Build.0 = Debug|Any CPU
		{50080B3F-BB94-454C-ABEE-6BF82302960E}.DebugDocker|Any CPU.ActiveCfg = DebugDocker|Any CPU
		{50080B3F-BB94-454C-ABEE-6BF82302960E}.DebugDocker|Any CPU.Build.0 = DebugDocker|Any CPU
		{50080B3F-BB94-454C-ABEE-6BF82302960E}.Release|Any CPU.ActiveCfg = Release|Any CPU
		{50080B3F-BB94-454C-ABEE-6BF82302960E}.Release|Any CPU.Build.0 = Release|Any CPU
		{50080B3F-BB94-454C-ABEE-6BF82302960E}.ReleaseDocker|Any CPU.ActiveCfg = Release|Any CPU
		{50080B3F-BB94-454C-ABEE-6BF82302960E}.ReleaseDocker|Any CPU.Build.0 = Release|Any CPU
		{DE7D9B3A-0A10-4F7B-8991-B5E597E5C334}.Debug|Any CPU.ActiveCfg = Debug|Any CPU
		{DE7D9B3A-0A10-4F7B-8991-B5E597E5C334}.Debug|Any CPU.Build.0 = Debug|Any CPU
		{DE7D9B3A-0A10-4F7B-8991-B5E597E5C334}.DebugDocker|Any CPU.ActiveCfg = DebugDocker|Any CPU
		{DE7D9B3A-0A10-4F7B-8991-B5E597E5C334}.DebugDocker|Any CPU.Build.0 = DebugDocker|Any CPU
		{DE7D9B3A-0A10-4F7B-8991-B5E597E5C334}.Release|Any CPU.ActiveCfg = Release|Any CPU
		{DE7D9B3A-0A10-4F7B-8991-B5E597E5C334}.Release|Any CPU.Build.0 = Release|Any CPU
		{DE7D9B3A-0A10-4F7B-8991-B5E597E5C334}.ReleaseDocker|Any CPU.ActiveCfg = Release|Any CPU
		{DE7D9B3A-0A10-4F7B-8991-B5E597E5C334}.ReleaseDocker|Any CPU.Build.0 = Release|Any CPU
		{97C3C25B-C1F7-4443-94B7-E8136314692C}.Debug|Any CPU.ActiveCfg = Debug|Any CPU
		{97C3C25B-C1F7-4443-94B7-E8136314692C}.Debug|Any CPU.Build.0 = Debug|Any CPU
		{97C3C25B-C1F7-4443-94B7-E8136314692C}.DebugDocker|Any CPU.ActiveCfg = DebugDocker|Any CPU
		{97C3C25B-C1F7-4443-94B7-E8136314692C}.DebugDocker|Any CPU.Build.0 = DebugDocker|Any CPU
		{97C3C25B-C1F7-4443-94B7-E8136314692C}.Release|Any CPU.ActiveCfg = Release|Any CPU
		{97C3C25B-C1F7-4443-94B7-E8136314692C}.Release|Any CPU.Build.0 = Release|Any CPU
		{97C3C25B-C1F7-4443-94B7-E8136314692C}.ReleaseDocker|Any CPU.ActiveCfg = ReleaseDocker|Any CPU
		{97C3C25B-C1F7-4443-94B7-E8136314692C}.ReleaseDocker|Any CPU.Build.0 = ReleaseDocker|Any CPU
		{E47C6FDA-769F-45E9-8377-5EEC2CAFD095}.Debug|Any CPU.ActiveCfg = Debug|Any CPU
		{E47C6FDA-769F-45E9-8377-5EEC2CAFD095}.Debug|Any CPU.Build.0 = Debug|Any CPU
		{E47C6FDA-769F-45E9-8377-5EEC2CAFD095}.DebugDocker|Any CPU.ActiveCfg = DebugDocker|Any CPU
		{E47C6FDA-769F-45E9-8377-5EEC2CAFD095}.DebugDocker|Any CPU.Build.0 = DebugDocker|Any CPU
		{E47C6FDA-769F-45E9-8377-5EEC2CAFD095}.Release|Any CPU.ActiveCfg = Release|Any CPU
		{E47C6FDA-769F-45E9-8377-5EEC2CAFD095}.Release|Any CPU.Build.0 = Release|Any CPU
		{E47C6FDA-769F-45E9-8377-5EEC2CAFD095}.ReleaseDocker|Any CPU.ActiveCfg = Release|Any CPU
		{E47C6FDA-769F-45E9-8377-5EEC2CAFD095}.ReleaseDocker|Any CPU.Build.0 = Release|Any CPU
		{C5FC5855-6226-4027-9482-8DDF081AF405}.Debug|Any CPU.ActiveCfg = Debug|Any CPU
		{C5FC5855-6226-4027-9482-8DDF081AF405}.Debug|Any CPU.Build.0 = Debug|Any CPU
		{C5FC5855-6226-4027-9482-8DDF081AF405}.DebugDocker|Any CPU.ActiveCfg = DebugDocker|Any CPU
		{C5FC5855-6226-4027-9482-8DDF081AF405}.DebugDocker|Any CPU.Build.0 = DebugDocker|Any CPU
		{C5FC5855-6226-4027-9482-8DDF081AF405}.Release|Any CPU.ActiveCfg = Release|Any CPU
		{C5FC5855-6226-4027-9482-8DDF081AF405}.Release|Any CPU.Build.0 = Release|Any CPU
		{C5FC5855-6226-4027-9482-8DDF081AF405}.ReleaseDocker|Any CPU.ActiveCfg = ReleaseDocker|Any CPU
		{C5FC5855-6226-4027-9482-8DDF081AF405}.ReleaseDocker|Any CPU.Build.0 = ReleaseDocker|Any CPU
	EndGlobalSection
	GlobalSection(SolutionProperties) = preSolution
		HideSolutionNode = FALSE
	EndGlobalSection
	GlobalSection(NestedProjects) = preSolution
		{A7DD21C8-5AFD-477A-B34D-B49EDE49C46C} = {4469D420-7EEC-11EB-B802-D356A4085F57}
		{74A85F56-8902-4795-BA98-1F41A67F9741} = {4469D420-7EEC-11EB-B802-D356A4085F57}
		{DA9DB4FE-E2C8-40D7-B13A-9F9CA079A257} = {74A85F56-8902-4795-BA98-1F41A67F9741}
		{FDE39EDC-5BFE-4365-82FA-3A698FCB5922} = {74A85F56-8902-4795-BA98-1F41A67F9741}
		{50080B3F-BB94-454C-ABEE-6BF82302960E} = {74A85F56-8902-4795-BA98-1F41A67F9741}
		{DE7D9B3A-0A10-4F7B-8991-B5E597E5C334} = {74A85F56-8902-4795-BA98-1F41A67F9741}
		{97C3C25B-C1F7-4443-94B7-E8136314692C} = {4469D420-7EEC-11EB-B802-D356A4085F57}
		{566B7AC7-A01A-4A90-927E-14C5F0FC3E88} = {4469D420-7EEC-11EB-B802-D356A4085F57}
		{E47C6FDA-769F-45E9-8377-5EEC2CAFD095} = {566B7AC7-A01A-4A90-927E-14C5F0FC3E88}
		{C5FC5855-6226-4027-9482-8DDF081AF405} = {566B7AC7-A01A-4A90-927E-14C5F0FC3E88}
	EndGlobalSection
	GlobalSection(ExtensibilityGlobals) = postSolution
		SolutionGuid = {672DDEE7-C24A-42C9-AAC3-C4DD40F68CA8}
	EndGlobalSection
EndGlobal
